// !$*UTF8*$!
{
	archiveVersion = 1;
	classes = {
	};
	objectVersion = 50;
	objects = {

/* Begin PBXBuildFile section */
		700D4EEA23D9483F003E6503 /* MavenPro-Regular.ttf in Resources */ = {isa = PBXBuildFile; fileRef = 700D4EE923D9483F003E6503 /* MavenPro-Regular.ttf */; };
		700D4EEC23DAA3A4003E6503 /* BrandDashboardControllerLogic.swift in Sources */ = {isa = PBXBuildFile; fileRef = 700D4EEB23DAA3A4003E6503 /* BrandDashboardControllerLogic.swift */; };
		700D4EEE23DAA3E4003E6503 /* BrandDashboardControllerTransitions.swift in Sources */ = {isa = PBXBuildFile; fileRef = 700D4EED23DAA3E4003E6503 /* BrandDashboardControllerTransitions.swift */; };
		700D4EF023DAA57B003E6503 /* MeasureConversion.swift in Sources */ = {isa = PBXBuildFile; fileRef = 700D4EEF23DAA57B003E6503 /* MeasureConversion.swift */; };
		700D4EF223DBF769003E6503 /* Cosima-DemoBold.otf in Resources */ = {isa = PBXBuildFile; fileRef = 700D4EF123DBF769003E6503 /* Cosima-DemoBold.otf */; };
		700D4EF423DBF7A8003E6503 /* OldSansBlack.ttf in Resources */ = {isa = PBXBuildFile; fileRef = 700D4EF323DBF7A8003E6503 /* OldSansBlack.ttf */; };
		700D4EF623DBF7C0003E6503 /* Renogare-Regular.otf in Resources */ = {isa = PBXBuildFile; fileRef = 700D4EF523DBF7C0003E6503 /* Renogare-Regular.otf */; };
		700D4EF823DBFA2F003E6503 /* NumberFormatter.swift in Sources */ = {isa = PBXBuildFile; fileRef = 700D4EF723DBFA2F003E6503 /* NumberFormatter.swift */; };
		700D4EFA23DCF55F003E6503 /* IngredientsModel.swift in Sources */ = {isa = PBXBuildFile; fileRef = 700D4EF923DCF55F003E6503 /* IngredientsModel.swift */; };
		700D4EFC23DCF569003E6503 /* NutritionModel.swift in Sources */ = {isa = PBXBuildFile; fileRef = 700D4EFB23DCF569003E6503 /* NutritionModel.swift */; };
		701058DA22FF0CCB00D4D9FD /* ImageAPI.swift in Sources */ = {isa = PBXBuildFile; fileRef = 701058D922FF0CCB00D4D9FD /* ImageAPI.swift */; };
		701058DC22FF0FBE00D4D9FD /* MenuOptionObj.swift in Sources */ = {isa = PBXBuildFile; fileRef = 701058DB22FF0FBE00D4D9FD /* MenuOptionObj.swift */; };
		701058E222FF618E00D4D9FD /* coolvetica rg.ttf in Resources */ = {isa = PBXBuildFile; fileRef = 701058DF22FF618E00D4D9FD /* coolvetica rg.ttf */; };
		701058E322FF618E00D4D9FD /* BebasNeue-Regular.otf in Resources */ = {isa = PBXBuildFile; fileRef = 701058E022FF618E00D4D9FD /* BebasNeue-Regular.otf */; };
		701058E622FF61D400D4D9FD /* Fonts.swift in Sources */ = {isa = PBXBuildFile; fileRef = 701058E522FF61D400D4D9FD /* Fonts.swift */; };
		701058E822FF61FA00D4D9FD /* Colors.swift in Sources */ = {isa = PBXBuildFile; fileRef = 701058E722FF61FA00D4D9FD /* Colors.swift */; };
		701058EA22FF620600D4D9FD /* Extensions.swift in Sources */ = {isa = PBXBuildFile; fileRef = 701058E922FF620600D4D9FD /* Extensions.swift */; };
		701058EC2308BE0100D4D9FD /* NextStepBtn.swift in Sources */ = {isa = PBXBuildFile; fileRef = 701058EB2308BE0100D4D9FD /* NextStepBtn.swift */; };
		701058EE2308C33B00D4D9FD /* CompiledIngredientsViewController.swift in Sources */ = {isa = PBXBuildFile; fileRef = 701058ED2308C33B00D4D9FD /* CompiledIngredientsViewController.swift */; };
		701058F12308C3BF00D4D9FD /* CompiledIngredientsList.swift in Sources */ = {isa = PBXBuildFile; fileRef = 701058F02308C3BF00D4D9FD /* CompiledIngredientsList.swift */; };
		701058F42308EE8300D4D9FD /* CompiledIngredientsCell.swift in Sources */ = {isa = PBXBuildFile; fileRef = 701058F22308EE8300D4D9FD /* CompiledIngredientsCell.swift */; };
		701058F52308EE8300D4D9FD /* CompiledIngredientsCell.xib in Resources */ = {isa = PBXBuildFile; fileRef = 701058F32308EE8300D4D9FD /* CompiledIngredientsCell.xib */; };
		701185FA231B137500F4D047 /* IngredientsPrepCollectionView.swift in Sources */ = {isa = PBXBuildFile; fileRef = 701185F9231B137500F4D047 /* IngredientsPrepCollectionView.swift */; };
		701185FD231B22EB00F4D047 /* Sunflower_personal.otf in Resources */ = {isa = PBXBuildFile; fileRef = 701185FC231B22EA00F4D047 /* Sunflower_personal.otf */; };
		701185FF231B28C700F4D047 /* MealKitSelectionViewController.swift in Sources */ = {isa = PBXBuildFile; fileRef = 701185FE231B28C700F4D047 /* MealKitSelectionViewController.swift */; };
		70118601231B291D00F4D047 /* MealKitsCollectionView.swift in Sources */ = {isa = PBXBuildFile; fileRef = 70118600231B291D00F4D047 /* MealKitsCollectionView.swift */; };
		7011AF7B23666778007EF159 /* NewMenuPrompt.swift in Sources */ = {isa = PBXBuildFile; fileRef = 7011AF7A23666778007EF159 /* NewMenuPrompt.swift */; };
		70261D9923116B9E004AC40E /* MealPrepViewController.swift in Sources */ = {isa = PBXBuildFile; fileRef = 70261D9823116B9E004AC40E /* MealPrepViewController.swift */; };
		7034C3B9231DF48500C88106 /* MealKitsCollectionViewCell.swift in Sources */ = {isa = PBXBuildFile; fileRef = 7034C3B8231DF48400C88106 /* MealKitsCollectionViewCell.swift */; };
		703B9579235559D500F17F33 /* BrandDashboardControllerViews.swift in Sources */ = {isa = PBXBuildFile; fileRef = 703B9578235559D500F17F33 /* BrandDashboardControllerViews.swift */; };
		705749C923CD76C100D303FB /* ParentViewControllerViews.swift in Sources */ = {isa = PBXBuildFile; fileRef = 705749C823CD76C100D303FB /* ParentViewControllerViews.swift */; };
		7069802223C999AD0064D5D0 /* BrandDashboardControllerSetUpAndData.swift in Sources */ = {isa = PBXBuildFile; fileRef = 7069802123C999AD0064D5D0 /* BrandDashboardControllerSetUpAndData.swift */; };
		7069802423C99C230064D5D0 /* ParentViewControllerDelegate.swift in Sources */ = {isa = PBXBuildFile; fileRef = 7069802323C99C230064D5D0 /* ParentViewControllerDelegate.swift */; };
		7077B5A62323F82E00359035 /* InstructionsCollectionView.swift in Sources */ = {isa = PBXBuildFile; fileRef = 7077B5A52323F82E00359035 /* InstructionsCollectionView.swift */; };
		7077B5A82323F9C100359035 /* InstructionsCollectionViewCell.swift in Sources */ = {isa = PBXBuildFile; fileRef = 7077B5A72323F9C100359035 /* InstructionsCollectionViewCell.swift */; };
		7077B5AA23244C8700359035 /* InstructionsViewController.swift in Sources */ = {isa = PBXBuildFile; fileRef = 7077B5A923244C8700359035 /* InstructionsViewController.swift */; };
		707EE0A22365F3660038592A /* EmptyMealKitsCell.swift in Sources */ = {isa = PBXBuildFile; fileRef = 707EE0A12365F3660038592A /* EmptyMealKitsCell.swift */; };
		708735E32310E3750079CCA5 /* IngredientsCategorization.swift in Sources */ = {isa = PBXBuildFile; fileRef = 708735E22310E3750079CCA5 /* IngredientsCategorization.swift */; };
		708A6757235CF00800C53011 /* BrandDashboardControllerDelegate.swift in Sources */ = {isa = PBXBuildFile; fileRef = 708A6756235CF00800C53011 /* BrandDashboardControllerDelegate.swift */; };
		709B105623BD483E00E0785A /* MenuOptionListHeader.swift in Sources */ = {isa = PBXBuildFile; fileRef = 709B105523BD483E00E0785A /* MenuOptionListHeader.swift */; };
		709B105923BFC6F900E0785A /* SplashImageView.swift in Sources */ = {isa = PBXBuildFile; fileRef = 709B105823BFC6F900E0785A /* SplashImageView.swift */; };
		70AD620423137A0200ABE458 /* MealsPrepCollectionView.swift in Sources */ = {isa = PBXBuildFile; fileRef = 70AD620323137A0200ABE458 /* MealsPrepCollectionView.swift */; };
		70AD620723137EFD00ABE458 /* MealsPrepCollectionViewCell.swift in Sources */ = {isa = PBXBuildFile; fileRef = 70AD620523137EFD00ABE458 /* MealsPrepCollectionViewCell.swift */; };
		70AD620823137EFD00ABE458 /* MealsPrepCollectionViewCell.xib in Resources */ = {isa = PBXBuildFile; fileRef = 70AD620623137EFD00ABE458 /* MealsPrepCollectionViewCell.xib */; };
		70D46CA2235BFFC600AB3488 /* EmptyCompiledIngredientsCell.swift in Sources */ = {isa = PBXBuildFile; fileRef = 70D46CA1235BFFC600AB3488 /* EmptyCompiledIngredientsCell.swift */; };
		70D46CAC235C109900AB3488 /* IngredientsListCollectionView.swift in Sources */ = {isa = PBXBuildFile; fileRef = 70D46CA9235C109800AB3488 /* IngredientsListCollectionView.swift */; };
		70D46CAD235C109900AB3488 /* RatingView.swift in Sources */ = {isa = PBXBuildFile; fileRef = 70D46CAA235C109800AB3488 /* RatingView.swift */; };
		70D46CAE235C109900AB3488 /* IngredientsPillCell.swift in Sources */ = {isa = PBXBuildFile; fileRef = 70D46CAB235C109800AB3488 /* IngredientsPillCell.swift */; };
		70D46CB0235C110900AB3488 /* IngredientsHeader.swift in Sources */ = {isa = PBXBuildFile; fileRef = 70D46CAF235C110900AB3488 /* IngredientsHeader.swift */; };
		70D46CB4235C112E00AB3488 /* RecipeCellInteraction.swift in Sources */ = {isa = PBXBuildFile; fileRef = 70D46CB1235C112D00AB3488 /* RecipeCellInteraction.swift */; };
		70D46CB5235C112E00AB3488 /* RecipeCellButton.swift in Sources */ = {isa = PBXBuildFile; fileRef = 70D46CB2235C112E00AB3488 /* RecipeCellButton.swift */; };
		70D46CB6235C112E00AB3488 /* RecipeCellConstraints.swift in Sources */ = {isa = PBXBuildFile; fileRef = 70D46CB3235C112E00AB3488 /* RecipeCellConstraints.swift */; };
		70D46CB9235C114A00AB3488 /* RecipeCellViews.swift in Sources */ = {isa = PBXBuildFile; fileRef = 70D46CB7235C114A00AB3488 /* RecipeCellViews.swift */; };
		70D46CBC235C117900AB3488 /* DeviceViews.swift in Sources */ = {isa = PBXBuildFile; fileRef = 70D46CBB235C117900AB3488 /* DeviceViews.swift */; };
		70D46CBE235C127700AB3488 /* MealKitsCollectionViewInstructionsPrep.swift in Sources */ = {isa = PBXBuildFile; fileRef = 70D46CBD235C127700AB3488 /* MealKitsCollectionViewInstructionsPrep.swift */; };
		70D532C922F44DCA00C8F866 /* RecipeModel.swift in Sources */ = {isa = PBXBuildFile; fileRef = 70D532C822F44DCA00C8F866 /* RecipeModel.swift */; };
		70D532CB22F5EFAA00C8F866 /* Device.swift in Sources */ = {isa = PBXBuildFile; fileRef = 70D532CA22F5EFAA00C8F866 /* Device.swift */; };
		70D532D122F6264C00C8F866 /* ActivityIndicator.swift in Sources */ = {isa = PBXBuildFile; fileRef = 70D532D022F6264C00C8F866 /* ActivityIndicator.swift */; };
		70D532D322F7284000C8F866 /* MenuOptionList.swift in Sources */ = {isa = PBXBuildFile; fileRef = 70D532D222F7284000C8F866 /* MenuOptionList.swift */; };
		70D532D622F77C4D00C8F866 /* BrandViewController.swift in Sources */ = {isa = PBXBuildFile; fileRef = 70D532D522F77C4D00C8F866 /* BrandViewController.swift */; };
		70D532D822F780E100C8F866 /* MenuOptionListCell.swift in Sources */ = {isa = PBXBuildFile; fileRef = 70D532D722F780E100C8F866 /* MenuOptionListCell.swift */; };
		70E0499923528DB0005A1B71 /* ParentViewController.swift in Sources */ = {isa = PBXBuildFile; fileRef = 70E0499823528DB0005A1B71 /* ParentViewController.swift */; };
		70E0499B235387EB005A1B71 /* EmptyCollectionViewCell.swift in Sources */ = {isa = PBXBuildFile; fileRef = 70E0499A235387EB005A1B71 /* EmptyCollectionViewCell.swift */; };
		70E0499E235396D6005A1B71 /* EmptyMealsPrepCell.swift in Sources */ = {isa = PBXBuildFile; fileRef = 70E0499D235396D6005A1B71 /* EmptyMealsPrepCell.swift */; };
		70E049A02353977C005A1B71 /* CompiledIngredientsEmptyCollectionViewCell.swift in Sources */ = {isa = PBXBuildFile; fileRef = 70E0499F2353977C005A1B71 /* CompiledIngredientsEmptyCollectionViewCell.swift */; };
		70E049A2235397B6005A1B71 /* BrandsSelectorView.swift in Sources */ = {isa = PBXBuildFile; fileRef = 70E049A1235397B6005A1B71 /* BrandsSelectorView.swift */; };
		70E3A581232B393200F9A5A7 /* IngredientsPrepCollectionViewCell.swift in Sources */ = {isa = PBXBuildFile; fileRef = 70E3A580232B393200F9A5A7 /* IngredientsPrepCollectionViewCell.swift */; };
		70E3A583232D981A00F9A5A7 /* RecipeListHeader.swift in Sources */ = {isa = PBXBuildFile; fileRef = 70E3A582232D981A00F9A5A7 /* RecipeListHeader.swift */; };
		70E3A585232DA56F00F9A5A7 /* BrandsCollectionViewCell.swift in Sources */ = {isa = PBXBuildFile; fileRef = 70E3A584232DA56F00F9A5A7 /* BrandsCollectionViewCell.swift */; };
		70E3A587232DA59400F9A5A7 /* BrandsCollectionView.swift in Sources */ = {isa = PBXBuildFile; fileRef = 70E3A586232DA59400F9A5A7 /* BrandsCollectionView.swift */; };
		70E6F4812198DE1A005C08EE /* AppDelegate.swift in Sources */ = {isa = PBXBuildFile; fileRef = 70E6F4802198DE1A005C08EE /* AppDelegate.swift */; };
		70E6F4832198DE1A005C08EE /* BrandDashboardController.swift in Sources */ = {isa = PBXBuildFile; fileRef = 70E6F4822198DE1A005C08EE /* BrandDashboardController.swift */; };
		70E6F4862198DE1A005C08EE /* Main.storyboard in Resources */ = {isa = PBXBuildFile; fileRef = 70E6F4842198DE1A005C08EE /* Main.storyboard */; };
		70E6F4892198DE1A005C08EE /* Paper_Spoon.xcdatamodeld in Sources */ = {isa = PBXBuildFile; fileRef = 70E6F4872198DE1A005C08EE /* Paper_Spoon.xcdatamodeld */; };
		70E6F48B2198DE1D005C08EE /* Assets.xcassets in Resources */ = {isa = PBXBuildFile; fileRef = 70E6F48A2198DE1D005C08EE /* Assets.xcassets */; };
		70E6F48E2198DE1D005C08EE /* LaunchScreen.storyboard in Resources */ = {isa = PBXBuildFile; fileRef = 70E6F48C2198DE1D005C08EE /* LaunchScreen.storyboard */; };
		70E6F4992198DE1D005C08EE /* Paper_SpoonTests.swift in Sources */ = {isa = PBXBuildFile; fileRef = 70E6F4982198DE1D005C08EE /* Paper_SpoonTests.swift */; };
		70E6F4A42198DE1D005C08EE /* Paper_SpoonUITests.swift in Sources */ = {isa = PBXBuildFile; fileRef = 70E6F4A32198DE1D005C08EE /* Paper_SpoonUITests.swift */; };
		70E6F4B22198EE93005C08EE /* HelloFreshAPI.swift in Sources */ = {isa = PBXBuildFile; fileRef = 70E6F4B12198EE93005C08EE /* HelloFreshAPI.swift */; };
		70FCDD80239D4DB200DC7BA2 /* GradientView.swift in Sources */ = {isa = PBXBuildFile; fileRef = 70FCDD7F239D4DB200DC7BA2 /* GradientView.swift */; };
		70FCDD82239FC2C800DC7BA2 /* OptionsCountView.swift in Sources */ = {isa = PBXBuildFile; fileRef = 70FCDD81239FC2C700DC7BA2 /* OptionsCountView.swift */; };
		70FCDD8523A555FB00DC7BA2 /* InstructionsImgCollectionView.swift in Sources */ = {isa = PBXBuildFile; fileRef = 70FCDD8423A555FB00DC7BA2 /* InstructionsImgCollectionView.swift */; };
		70FCDD8723A55A3900DC7BA2 /* InstructionsImgCollectionViewCell.swift in Sources */ = {isa = PBXBuildFile; fileRef = 70FCDD8623A55A3900DC7BA2 /* InstructionsImgCollectionViewCell.swift */; };
		70FCDD8923A6D59B00DC7BA2 /* BlueApronAPI.swift in Sources */ = {isa = PBXBuildFile; fileRef = 70FCDD8823A6D59B00DC7BA2 /* BlueApronAPI.swift */; };
		70FCDD8B23A7111200DC7BA2 /* BrandData.swift in Sources */ = {isa = PBXBuildFile; fileRef = 70FCDD8A23A7111200DC7BA2 /* BrandData.swift */; };
		70FCDD8D23A7314300DC7BA2 /* BrandAPI.swift in Sources */ = {isa = PBXBuildFile; fileRef = 70FCDD8C23A7314300DC7BA2 /* BrandAPI.swift */; };
		70FCDD8F23B0739A00DC7BA2 /* HomeChefAPI.swift in Sources */ = {isa = PBXBuildFile; fileRef = 70FCDD8E23B0739A00DC7BA2 /* HomeChefAPI.swift */; };
/* End PBXBuildFile section */

/* Begin PBXContainerItemProxy section */
		70E6F4952198DE1D005C08EE /* PBXContainerItemProxy */ = {
			isa = PBXContainerItemProxy;
			containerPortal = 70E6F4752198DE1A005C08EE /* Project object */;
			proxyType = 1;
			remoteGlobalIDString = 70E6F47C2198DE1A005C08EE;
			remoteInfo = "Paper Spoon";
		};
		70E6F4A02198DE1D005C08EE /* PBXContainerItemProxy */ = {
			isa = PBXContainerItemProxy;
			containerPortal = 70E6F4752198DE1A005C08EE /* Project object */;
			proxyType = 1;
			remoteGlobalIDString = 70E6F47C2198DE1A005C08EE;
			remoteInfo = "Paper Spoon";
		};
/* End PBXContainerItemProxy section */

/* Begin PBXFileReference section */
		700D4EE923D9483F003E6503 /* MavenPro-Regular.ttf */ = {isa = PBXFileReference; lastKnownFileType = file; path = "MavenPro-Regular.ttf"; sourceTree = "<group>"; };
		700D4EEB23DAA3A4003E6503 /* BrandDashboardControllerLogic.swift */ = {isa = PBXFileReference; lastKnownFileType = sourcecode.swift; path = BrandDashboardControllerLogic.swift; sourceTree = "<group>"; };
		700D4EED23DAA3E4003E6503 /* BrandDashboardControllerTransitions.swift */ = {isa = PBXFileReference; lastKnownFileType = sourcecode.swift; path = BrandDashboardControllerTransitions.swift; sourceTree = "<group>"; };
		700D4EEF23DAA57B003E6503 /* MeasureConversion.swift */ = {isa = PBXFileReference; lastKnownFileType = sourcecode.swift; path = MeasureConversion.swift; sourceTree = "<group>"; };
		700D4EF123DBF769003E6503 /* Cosima-DemoBold.otf */ = {isa = PBXFileReference; lastKnownFileType = file; path = "Cosima-DemoBold.otf"; sourceTree = "<group>"; };
		700D4EF323DBF7A8003E6503 /* OldSansBlack.ttf */ = {isa = PBXFileReference; lastKnownFileType = file; path = OldSansBlack.ttf; sourceTree = "<group>"; };
		700D4EF523DBF7C0003E6503 /* Renogare-Regular.otf */ = {isa = PBXFileReference; lastKnownFileType = file; path = "Renogare-Regular.otf"; sourceTree = "<group>"; };
		700D4EF723DBFA2F003E6503 /* NumberFormatter.swift */ = {isa = PBXFileReference; lastKnownFileType = sourcecode.swift; path = NumberFormatter.swift; sourceTree = "<group>"; };
		700D4EF923DCF55F003E6503 /* IngredientsModel.swift */ = {isa = PBXFileReference; lastKnownFileType = sourcecode.swift; path = IngredientsModel.swift; sourceTree = "<group>"; };
		700D4EFB23DCF569003E6503 /* NutritionModel.swift */ = {isa = PBXFileReference; lastKnownFileType = sourcecode.swift; path = NutritionModel.swift; sourceTree = "<group>"; };
		701058D922FF0CCB00D4D9FD /* ImageAPI.swift */ = {isa = PBXFileReference; fileEncoding = 4; lastKnownFileType = sourcecode.swift; path = ImageAPI.swift; sourceTree = "<group>"; };
		701058DB22FF0FBE00D4D9FD /* MenuOptionObj.swift */ = {isa = PBXFileReference; lastKnownFileType = sourcecode.swift; path = MenuOptionObj.swift; sourceTree = "<group>"; };
		701058DF22FF618E00D4D9FD /* coolvetica rg.ttf */ = {isa = PBXFileReference; lastKnownFileType = file; path = "coolvetica rg.ttf"; sourceTree = "<group>"; };
		701058E022FF618E00D4D9FD /* BebasNeue-Regular.otf */ = {isa = PBXFileReference; lastKnownFileType = file; path = "BebasNeue-Regular.otf"; sourceTree = "<group>"; };
		701058E522FF61D400D4D9FD /* Fonts.swift */ = {isa = PBXFileReference; fileEncoding = 4; lastKnownFileType = sourcecode.swift; path = Fonts.swift; sourceTree = "<group>"; };
		701058E722FF61FA00D4D9FD /* Colors.swift */ = {isa = PBXFileReference; fileEncoding = 4; lastKnownFileType = sourcecode.swift; path = Colors.swift; sourceTree = "<group>"; };
		701058E922FF620600D4D9FD /* Extensions.swift */ = {isa = PBXFileReference; fileEncoding = 4; lastKnownFileType = sourcecode.swift; path = Extensions.swift; sourceTree = "<group>"; };
		701058EB2308BE0100D4D9FD /* NextStepBtn.swift */ = {isa = PBXFileReference; lastKnownFileType = sourcecode.swift; path = NextStepBtn.swift; sourceTree = "<group>"; };
		701058ED2308C33B00D4D9FD /* CompiledIngredientsViewController.swift */ = {isa = PBXFileReference; lastKnownFileType = sourcecode.swift; path = CompiledIngredientsViewController.swift; sourceTree = "<group>"; };
		701058F02308C3BF00D4D9FD /* CompiledIngredientsList.swift */ = {isa = PBXFileReference; lastKnownFileType = sourcecode.swift; path = CompiledIngredientsList.swift; sourceTree = "<group>"; };
		701058F22308EE8300D4D9FD /* CompiledIngredientsCell.swift */ = {isa = PBXFileReference; lastKnownFileType = sourcecode.swift; path = CompiledIngredientsCell.swift; sourceTree = "<group>"; };
		701058F32308EE8300D4D9FD /* CompiledIngredientsCell.xib */ = {isa = PBXFileReference; lastKnownFileType = file.xib; path = CompiledIngredientsCell.xib; sourceTree = "<group>"; };
		701185F9231B137500F4D047 /* IngredientsPrepCollectionView.swift */ = {isa = PBXFileReference; lastKnownFileType = sourcecode.swift; path = IngredientsPrepCollectionView.swift; sourceTree = "<group>"; };
		701185FC231B22EA00F4D047 /* Sunflower_personal.otf */ = {isa = PBXFileReference; lastKnownFileType = file; path = Sunflower_personal.otf; sourceTree = "<group>"; };
		701185FE231B28C700F4D047 /* MealKitSelectionViewController.swift */ = {isa = PBXFileReference; lastKnownFileType = sourcecode.swift; path = MealKitSelectionViewController.swift; sourceTree = "<group>"; };
		70118600231B291D00F4D047 /* MealKitsCollectionView.swift */ = {isa = PBXFileReference; lastKnownFileType = sourcecode.swift; path = MealKitsCollectionView.swift; sourceTree = "<group>"; };
		7011AF7A23666778007EF159 /* NewMenuPrompt.swift */ = {isa = PBXFileReference; lastKnownFileType = sourcecode.swift; path = NewMenuPrompt.swift; sourceTree = "<group>"; };
		70261D9823116B9E004AC40E /* MealPrepViewController.swift */ = {isa = PBXFileReference; lastKnownFileType = sourcecode.swift; path = MealPrepViewController.swift; sourceTree = "<group>"; };
		7034C3B8231DF48400C88106 /* MealKitsCollectionViewCell.swift */ = {isa = PBXFileReference; lastKnownFileType = sourcecode.swift; path = MealKitsCollectionViewCell.swift; sourceTree = "<group>"; };
		703B9578235559D500F17F33 /* BrandDashboardControllerViews.swift */ = {isa = PBXFileReference; lastKnownFileType = sourcecode.swift; path = BrandDashboardControllerViews.swift; sourceTree = "<group>"; };
		705749C823CD76C100D303FB /* ParentViewControllerViews.swift */ = {isa = PBXFileReference; lastKnownFileType = sourcecode.swift; path = ParentViewControllerViews.swift; sourceTree = "<group>"; };
		7069802123C999AD0064D5D0 /* BrandDashboardControllerSetUpAndData.swift */ = {isa = PBXFileReference; lastKnownFileType = sourcecode.swift; path = BrandDashboardControllerSetUpAndData.swift; sourceTree = "<group>"; };
		7069802323C99C230064D5D0 /* ParentViewControllerDelegate.swift */ = {isa = PBXFileReference; lastKnownFileType = sourcecode.swift; path = ParentViewControllerDelegate.swift; sourceTree = "<group>"; };
		7077B5A52323F82E00359035 /* InstructionsCollectionView.swift */ = {isa = PBXFileReference; lastKnownFileType = sourcecode.swift; path = InstructionsCollectionView.swift; sourceTree = "<group>"; };
		7077B5A72323F9C100359035 /* InstructionsCollectionViewCell.swift */ = {isa = PBXFileReference; lastKnownFileType = sourcecode.swift; path = InstructionsCollectionViewCell.swift; sourceTree = "<group>"; };
		7077B5A923244C8700359035 /* InstructionsViewController.swift */ = {isa = PBXFileReference; lastKnownFileType = sourcecode.swift; path = InstructionsViewController.swift; sourceTree = "<group>"; };
		707EE0A12365F3660038592A /* EmptyMealKitsCell.swift */ = {isa = PBXFileReference; lastKnownFileType = sourcecode.swift; path = EmptyMealKitsCell.swift; sourceTree = "<group>"; };
		708735E22310E3750079CCA5 /* IngredientsCategorization.swift */ = {isa = PBXFileReference; lastKnownFileType = sourcecode.swift; path = IngredientsCategorization.swift; sourceTree = "<group>"; };
		708A6756235CF00800C53011 /* BrandDashboardControllerDelegate.swift */ = {isa = PBXFileReference; lastKnownFileType = sourcecode.swift; path = BrandDashboardControllerDelegate.swift; sourceTree = "<group>"; };
		709B105523BD483E00E0785A /* MenuOptionListHeader.swift */ = {isa = PBXFileReference; lastKnownFileType = sourcecode.swift; path = MenuOptionListHeader.swift; sourceTree = "<group>"; };
		709B105823BFC6F900E0785A /* SplashImageView.swift */ = {isa = PBXFileReference; lastKnownFileType = sourcecode.swift; path = SplashImageView.swift; sourceTree = "<group>"; };
		70AD620323137A0200ABE458 /* MealsPrepCollectionView.swift */ = {isa = PBXFileReference; lastKnownFileType = sourcecode.swift; path = MealsPrepCollectionView.swift; sourceTree = "<group>"; };
		70AD620523137EFD00ABE458 /* MealsPrepCollectionViewCell.swift */ = {isa = PBXFileReference; lastKnownFileType = sourcecode.swift; path = MealsPrepCollectionViewCell.swift; sourceTree = "<group>"; };
		70AD620623137EFD00ABE458 /* MealsPrepCollectionViewCell.xib */ = {isa = PBXFileReference; lastKnownFileType = file.xib; path = MealsPrepCollectionViewCell.xib; sourceTree = "<group>"; };
		70D46CA1235BFFC600AB3488 /* EmptyCompiledIngredientsCell.swift */ = {isa = PBXFileReference; lastKnownFileType = sourcecode.swift; path = EmptyCompiledIngredientsCell.swift; sourceTree = "<group>"; };
		70D46CA9235C109800AB3488 /* IngredientsListCollectionView.swift */ = {isa = PBXFileReference; fileEncoding = 4; lastKnownFileType = sourcecode.swift; path = IngredientsListCollectionView.swift; sourceTree = "<group>"; };
		70D46CAA235C109800AB3488 /* RatingView.swift */ = {isa = PBXFileReference; fileEncoding = 4; lastKnownFileType = sourcecode.swift; path = RatingView.swift; sourceTree = "<group>"; };
		70D46CAB235C109800AB3488 /* IngredientsPillCell.swift */ = {isa = PBXFileReference; fileEncoding = 4; lastKnownFileType = sourcecode.swift; path = IngredientsPillCell.swift; sourceTree = "<group>"; };
		70D46CAF235C110900AB3488 /* IngredientsHeader.swift */ = {isa = PBXFileReference; fileEncoding = 4; lastKnownFileType = sourcecode.swift; path = IngredientsHeader.swift; sourceTree = "<group>"; };
		70D46CB1235C112D00AB3488 /* RecipeCellInteraction.swift */ = {isa = PBXFileReference; fileEncoding = 4; lastKnownFileType = sourcecode.swift; path = RecipeCellInteraction.swift; sourceTree = "<group>"; };
		70D46CB2235C112E00AB3488 /* RecipeCellButton.swift */ = {isa = PBXFileReference; fileEncoding = 4; lastKnownFileType = sourcecode.swift; path = RecipeCellButton.swift; sourceTree = "<group>"; };
		70D46CB3235C112E00AB3488 /* RecipeCellConstraints.swift */ = {isa = PBXFileReference; fileEncoding = 4; lastKnownFileType = sourcecode.swift; path = RecipeCellConstraints.swift; sourceTree = "<group>"; };
		70D46CB7235C114A00AB3488 /* RecipeCellViews.swift */ = {isa = PBXFileReference; fileEncoding = 4; lastKnownFileType = sourcecode.swift; path = RecipeCellViews.swift; sourceTree = "<group>"; };
		70D46CBB235C117900AB3488 /* DeviceViews.swift */ = {isa = PBXFileReference; fileEncoding = 4; lastKnownFileType = sourcecode.swift; path = DeviceViews.swift; sourceTree = "<group>"; };
		70D46CBD235C127700AB3488 /* MealKitsCollectionViewInstructionsPrep.swift */ = {isa = PBXFileReference; lastKnownFileType = sourcecode.swift; path = MealKitsCollectionViewInstructionsPrep.swift; sourceTree = "<group>"; };
		70D532C822F44DCA00C8F866 /* RecipeModel.swift */ = {isa = PBXFileReference; lastKnownFileType = sourcecode.swift; path = RecipeModel.swift; sourceTree = "<group>"; };
		70D532CA22F5EFAA00C8F866 /* Device.swift */ = {isa = PBXFileReference; fileEncoding = 4; lastKnownFileType = sourcecode.swift; path = Device.swift; sourceTree = "<group>"; };
		70D532D022F6264C00C8F866 /* ActivityIndicator.swift */ = {isa = PBXFileReference; lastKnownFileType = sourcecode.swift; path = ActivityIndicator.swift; sourceTree = "<group>"; };
		70D532D222F7284000C8F866 /* MenuOptionList.swift */ = {isa = PBXFileReference; lastKnownFileType = sourcecode.swift; path = MenuOptionList.swift; sourceTree = "<group>"; };
		70D532D522F77C4D00C8F866 /* BrandViewController.swift */ = {isa = PBXFileReference; lastKnownFileType = sourcecode.swift; path = BrandViewController.swift; sourceTree = "<group>"; };
		70D532D722F780E100C8F866 /* MenuOptionListCell.swift */ = {isa = PBXFileReference; lastKnownFileType = sourcecode.swift; path = MenuOptionListCell.swift; sourceTree = "<group>"; };
		70E0499823528DB0005A1B71 /* ParentViewController.swift */ = {isa = PBXFileReference; lastKnownFileType = sourcecode.swift; path = ParentViewController.swift; sourceTree = "<group>"; };
		70E0499A235387EB005A1B71 /* EmptyCollectionViewCell.swift */ = {isa = PBXFileReference; lastKnownFileType = sourcecode.swift; path = EmptyCollectionViewCell.swift; sourceTree = "<group>"; };
		70E0499D235396D6005A1B71 /* EmptyMealsPrepCell.swift */ = {isa = PBXFileReference; lastKnownFileType = sourcecode.swift; path = EmptyMealsPrepCell.swift; sourceTree = "<group>"; };
		70E0499F2353977C005A1B71 /* CompiledIngredientsEmptyCollectionViewCell.swift */ = {isa = PBXFileReference; lastKnownFileType = sourcecode.swift; path = CompiledIngredientsEmptyCollectionViewCell.swift; sourceTree = "<group>"; };
		70E049A1235397B6005A1B71 /* BrandsSelectorView.swift */ = {isa = PBXFileReference; lastKnownFileType = sourcecode.swift; path = BrandsSelectorView.swift; sourceTree = "<group>"; };
		70E3A580232B393200F9A5A7 /* IngredientsPrepCollectionViewCell.swift */ = {isa = PBXFileReference; lastKnownFileType = sourcecode.swift; path = IngredientsPrepCollectionViewCell.swift; sourceTree = "<group>"; };
		70E3A582232D981A00F9A5A7 /* RecipeListHeader.swift */ = {isa = PBXFileReference; lastKnownFileType = sourcecode.swift; path = RecipeListHeader.swift; sourceTree = "<group>"; };
		70E3A584232DA56F00F9A5A7 /* BrandsCollectionViewCell.swift */ = {isa = PBXFileReference; lastKnownFileType = sourcecode.swift; path = BrandsCollectionViewCell.swift; sourceTree = "<group>"; };
		70E3A586232DA59400F9A5A7 /* BrandsCollectionView.swift */ = {isa = PBXFileReference; lastKnownFileType = sourcecode.swift; path = BrandsCollectionView.swift; sourceTree = "<group>"; };
		70E6F47D2198DE1A005C08EE /* Paper Spoon.app */ = {isa = PBXFileReference; explicitFileType = wrapper.application; includeInIndex = 0; path = "Paper Spoon.app"; sourceTree = BUILT_PRODUCTS_DIR; };
		70E6F4802198DE1A005C08EE /* AppDelegate.swift */ = {isa = PBXFileReference; lastKnownFileType = sourcecode.swift; path = AppDelegate.swift; sourceTree = "<group>"; };
		70E6F4822198DE1A005C08EE /* BrandDashboardController.swift */ = {isa = PBXFileReference; lastKnownFileType = sourcecode.swift; path = BrandDashboardController.swift; sourceTree = "<group>"; };
		70E6F4852198DE1A005C08EE /* Base */ = {isa = PBXFileReference; lastKnownFileType = file.storyboard; name = Base; path = Base.lproj/Main.storyboard; sourceTree = "<group>"; };
		70E6F4882198DE1A005C08EE /* Paper_Spoon.xcdatamodel */ = {isa = PBXFileReference; lastKnownFileType = wrapper.xcdatamodel; path = Paper_Spoon.xcdatamodel; sourceTree = "<group>"; };
		70E6F48A2198DE1D005C08EE /* Assets.xcassets */ = {isa = PBXFileReference; lastKnownFileType = folder.assetcatalog; path = Assets.xcassets; sourceTree = "<group>"; };
		70E6F48D2198DE1D005C08EE /* Base */ = {isa = PBXFileReference; lastKnownFileType = file.storyboard; name = Base; path = Base.lproj/LaunchScreen.storyboard; sourceTree = "<group>"; };
		70E6F48F2198DE1D005C08EE /* Info.plist */ = {isa = PBXFileReference; lastKnownFileType = text.plist.xml; path = Info.plist; sourceTree = "<group>"; };
		70E6F4942198DE1D005C08EE /* Paper SpoonTests.xctest */ = {isa = PBXFileReference; explicitFileType = wrapper.cfbundle; includeInIndex = 0; path = "Paper SpoonTests.xctest"; sourceTree = BUILT_PRODUCTS_DIR; };
		70E6F4982198DE1D005C08EE /* Paper_SpoonTests.swift */ = {isa = PBXFileReference; lastKnownFileType = sourcecode.swift; path = Paper_SpoonTests.swift; sourceTree = "<group>"; };
		70E6F49A2198DE1D005C08EE /* Info.plist */ = {isa = PBXFileReference; lastKnownFileType = text.plist.xml; path = Info.plist; sourceTree = "<group>"; };
		70E6F49F2198DE1D005C08EE /* Paper SpoonUITests.xctest */ = {isa = PBXFileReference; explicitFileType = wrapper.cfbundle; includeInIndex = 0; path = "Paper SpoonUITests.xctest"; sourceTree = BUILT_PRODUCTS_DIR; };
		70E6F4A32198DE1D005C08EE /* Paper_SpoonUITests.swift */ = {isa = PBXFileReference; lastKnownFileType = sourcecode.swift; path = Paper_SpoonUITests.swift; sourceTree = "<group>"; };
		70E6F4A52198DE1D005C08EE /* Info.plist */ = {isa = PBXFileReference; lastKnownFileType = text.plist.xml; path = Info.plist; sourceTree = "<group>"; };
		70E6F4B12198EE93005C08EE /* HelloFreshAPI.swift */ = {isa = PBXFileReference; lastKnownFileType = sourcecode.swift; path = HelloFreshAPI.swift; sourceTree = "<group>"; };
		70FCDD7F239D4DB200DC7BA2 /* GradientView.swift */ = {isa = PBXFileReference; lastKnownFileType = sourcecode.swift; path = GradientView.swift; sourceTree = "<group>"; };
		70FCDD81239FC2C700DC7BA2 /* OptionsCountView.swift */ = {isa = PBXFileReference; lastKnownFileType = sourcecode.swift; path = OptionsCountView.swift; sourceTree = "<group>"; };
		70FCDD8423A555FB00DC7BA2 /* InstructionsImgCollectionView.swift */ = {isa = PBXFileReference; lastKnownFileType = sourcecode.swift; path = InstructionsImgCollectionView.swift; sourceTree = "<group>"; };
		70FCDD8623A55A3900DC7BA2 /* InstructionsImgCollectionViewCell.swift */ = {isa = PBXFileReference; lastKnownFileType = sourcecode.swift; path = InstructionsImgCollectionViewCell.swift; sourceTree = "<group>"; };
		70FCDD8823A6D59B00DC7BA2 /* BlueApronAPI.swift */ = {isa = PBXFileReference; lastKnownFileType = sourcecode.swift; path = BlueApronAPI.swift; sourceTree = "<group>"; };
		70FCDD8A23A7111200DC7BA2 /* BrandData.swift */ = {isa = PBXFileReference; lastKnownFileType = sourcecode.swift; path = BrandData.swift; sourceTree = "<group>"; };
		70FCDD8C23A7314300DC7BA2 /* BrandAPI.swift */ = {isa = PBXFileReference; lastKnownFileType = sourcecode.swift; path = BrandAPI.swift; sourceTree = "<group>"; };
		70FCDD8E23B0739A00DC7BA2 /* HomeChefAPI.swift */ = {isa = PBXFileReference; lastKnownFileType = sourcecode.swift; path = HomeChefAPI.swift; sourceTree = "<group>"; };
/* End PBXFileReference section */

/* Begin PBXFrameworksBuildPhase section */
		70E6F47A2198DE1A005C08EE /* Frameworks */ = {
			isa = PBXFrameworksBuildPhase;
			buildActionMask = 2147483647;
			files = (
			);
			runOnlyForDeploymentPostprocessing = 0;
		};
		70E6F4912198DE1D005C08EE /* Frameworks */ = {
			isa = PBXFrameworksBuildPhase;
			buildActionMask = 2147483647;
			files = (
			);
			runOnlyForDeploymentPostprocessing = 0;
		};
		70E6F49C2198DE1D005C08EE /* Frameworks */ = {
			isa = PBXFrameworksBuildPhase;
			buildActionMask = 2147483647;
			files = (
			);
			runOnlyForDeploymentPostprocessing = 0;
		};
/* End PBXFrameworksBuildPhase section */

/* Begin PBXGroup section */
		701058DD22FF614B00D4D9FD /* MealPrepViewController */ = {
			isa = PBXGroup;
			children = (
				70261D9823116B9E004AC40E /* MealPrepViewController.swift */,
				70FCDD81239FC2C700DC7BA2 /* OptionsCountView.swift */,
				70AD620323137A0200ABE458 /* MealsPrepCollectionView.swift */,
				70AD620523137EFD00ABE458 /* MealsPrepCollectionViewCell.swift */,
				70AD620623137EFD00ABE458 /* MealsPrepCollectionViewCell.xib */,
				70E0499D235396D6005A1B71 /* EmptyMealsPrepCell.swift */,
				701185F9231B137500F4D047 /* IngredientsPrepCollectionView.swift */,
				70E3A580232B393200F9A5A7 /* IngredientsPrepCollectionViewCell.swift */,
			);
			path = MealPrepViewController;
			sourceTree = "<group>";
		};
		701058E422FF61B900D4D9FD /* Fonts */ = {
			isa = PBXGroup;
			children = (
				701058E522FF61D400D4D9FD /* Fonts.swift */,
				701058E022FF618E00D4D9FD /* BebasNeue-Regular.otf */,
				701185FC231B22EA00F4D047 /* Sunflower_personal.otf */,
				700D4EE923D9483F003E6503 /* MavenPro-Regular.ttf */,
				700D4EF323DBF7A8003E6503 /* OldSansBlack.ttf */,
				700D4EF523DBF7C0003E6503 /* Renogare-Regular.otf */,
				700D4EF123DBF769003E6503 /* Cosima-DemoBold.otf */,
				701058DF22FF618E00D4D9FD /* coolvetica rg.ttf */,
			);
			path = Fonts;
			sourceTree = "<group>";
		};
		701058EF2308C34200D4D9FD /* CompileIngredientsViewController */ = {
			isa = PBXGroup;
			children = (
				701058ED2308C33B00D4D9FD /* CompiledIngredientsViewController.swift */,
				701058F02308C3BF00D4D9FD /* CompiledIngredientsList.swift */,
				701058F22308EE8300D4D9FD /* CompiledIngredientsCell.swift */,
				701058F32308EE8300D4D9FD /* CompiledIngredientsCell.xib */,
				70D46CA1235BFFC600AB3488 /* EmptyCompiledIngredientsCell.swift */,
				70E0499F2353977C005A1B71 /* CompiledIngredientsEmptyCollectionViewCell.swift */,
			);
			path = CompileIngredientsViewController;
			sourceTree = "<group>";
		};
		701185FB231B14A100F4D047 /* MealKitSelectionViewController */ = {
			isa = PBXGroup;
			children = (
				701185FE231B28C700F4D047 /* MealKitSelectionViewController.swift */,
				70118600231B291D00F4D047 /* MealKitsCollectionView.swift */,
				707EE0A12365F3660038592A /* EmptyMealKitsCell.swift */,
				70D46CA8235C107700AB3488 /* MealKitsCollectionViewCell */,
				70FCDD8323A519C800DC7BA2 /* InstructionsViewController */,
			);
			path = MealKitSelectionViewController;
			sourceTree = "<group>";
		};
		7011AF7C2366677D007EF159 /* CreateNewMenuPrompt */ = {
			isa = PBXGroup;
			children = (
				7011AF7A23666778007EF159 /* NewMenuPrompt.swift */,
			);
			path = CreateNewMenuPrompt;
			sourceTree = "<group>";
		};
		7073E2CA2349359D0041223D /* DashboardController */ = {
			isa = PBXGroup;
			children = (
				70E6F4822198DE1A005C08EE /* BrandDashboardController.swift */,
				7069802123C999AD0064D5D0 /* BrandDashboardControllerSetUpAndData.swift */,
				700D4EED23DAA3E4003E6503 /* BrandDashboardControllerTransitions.swift */,
				700D4EEB23DAA3A4003E6503 /* BrandDashboardControllerLogic.swift */,
				703B9578235559D500F17F33 /* BrandDashboardControllerViews.swift */,
				708A6756235CF00800C53011 /* BrandDashboardControllerDelegate.swift */,
				70E3A588232DA5A100F9A5A7 /* RecipeListHeader */,
				70D532D922F98CB100C8F866 /* BrandViewController */,
				7011AF7C2366677D007EF159 /* CreateNewMenuPrompt */,
			);
			path = DashboardController;
			sourceTree = "<group>";
		};
		709B105723BD499E00E0785A /* MenuOptionListCells */ = {
			isa = PBXGroup;
			children = (
				70D532D722F780E100C8F866 /* MenuOptionListCell.swift */,
			);
			path = MenuOptionListCells;
			sourceTree = "<group>";
		};
		70D46CA8235C107700AB3488 /* MealKitsCollectionViewCell */ = {
			isa = PBXGroup;
			children = (
				7034C3B8231DF48400C88106 /* MealKitsCollectionViewCell.swift */,
				70D46CBD235C127700AB3488 /* MealKitsCollectionViewInstructionsPrep.swift */,
				70D46CB7235C114A00AB3488 /* RecipeCellViews.swift */,
				70D46CB3235C112E00AB3488 /* RecipeCellConstraints.swift */,
				70D46CB2235C112E00AB3488 /* RecipeCellButton.swift */,
				70D46CB1235C112D00AB3488 /* RecipeCellInteraction.swift */,
				70D46CAA235C109800AB3488 /* RatingView.swift */,
				70D46CA9235C109800AB3488 /* IngredientsListCollectionView.swift */,
				70D46CAB235C109800AB3488 /* IngredientsPillCell.swift */,
				70D46CAF235C110900AB3488 /* IngredientsHeader.swift */,
			);
			path = MealKitsCollectionViewCell;
			sourceTree = "<group>";
		};
		70D532CC22F5EFC900C8F866 /* Utility */ = {
			isa = PBXGroup;
			children = (
				70E0499A235387EB005A1B71 /* EmptyCollectionViewCell.swift */,
				70D532D022F6264C00C8F866 /* ActivityIndicator.swift */,
				701058E922FF620600D4D9FD /* Extensions.swift */,
				70D532CA22F5EFAA00C8F866 /* Device.swift */,
				70D46CBB235C117900AB3488 /* DeviceViews.swift */,
				701058E722FF61FA00D4D9FD /* Colors.swift */,
				70FCDD7F239D4DB200DC7BA2 /* GradientView.swift */,
				700D4EEF23DAA57B003E6503 /* MeasureConversion.swift */,
				700D4EF723DBFA2F003E6503 /* NumberFormatter.swift */,
			);
			path = Utility;
			sourceTree = "<group>";
		};
		70D532CD22F5EFD200C8F866 /* Model */ = {
			isa = PBXGroup;
			children = (
				70D532C822F44DCA00C8F866 /* RecipeModel.swift */,
				700D4EF923DCF55F003E6503 /* IngredientsModel.swift */,
				700D4EFB23DCF569003E6503 /* NutritionModel.swift */,
				708735E22310E3750079CCA5 /* IngredientsCategorization.swift */,
				701058DB22FF0FBE00D4D9FD /* MenuOptionObj.swift */,
				70FCDD8A23A7111200DC7BA2 /* BrandData.swift */,
			);
			path = Model;
			sourceTree = "<group>";
		};
		70D532D422F77A0A00C8F866 /* API */ = {
			isa = PBXGroup;
			children = (
				70FCDD8C23A7314300DC7BA2 /* BrandAPI.swift */,
				70E6F4B12198EE93005C08EE /* HelloFreshAPI.swift */,
				70FCDD8823A6D59B00DC7BA2 /* BlueApronAPI.swift */,
				70FCDD8E23B0739A00DC7BA2 /* HomeChefAPI.swift */,
				701058D922FF0CCB00D4D9FD /* ImageAPI.swift */,
			);
			path = API;
			sourceTree = "<group>";
		};
		70D532D922F98CB100C8F866 /* BrandViewController */ = {
			isa = PBXGroup;
			children = (
				70D532D522F77C4D00C8F866 /* BrandViewController.swift */,
				70D532D222F7284000C8F866 /* MenuOptionList.swift */,
				709B105523BD483E00E0785A /* MenuOptionListHeader.swift */,
				709B105723BD499E00E0785A /* MenuOptionListCells */,
				701058EB2308BE0100D4D9FD /* NextStepBtn.swift */,
			);
			path = BrandViewController;
			sourceTree = "<group>";
		};
		70E0499C23538B9F005A1B71 /* ParentViewController */ = {
			isa = PBXGroup;
			children = (
				70E0499823528DB0005A1B71 /* ParentViewController.swift */,
				705749C823CD76C100D303FB /* ParentViewControllerViews.swift */,
				7069802323C99C230064D5D0 /* ParentViewControllerDelegate.swift */,
				709B105823BFC6F900E0785A /* SplashImageView.swift */,
			);
			path = ParentViewController;
			sourceTree = "<group>";
		};
		70E3A588232DA5A100F9A5A7 /* RecipeListHeader */ = {
			isa = PBXGroup;
			children = (
				70E3A582232D981A00F9A5A7 /* RecipeListHeader.swift */,
				70E3A586232DA59400F9A5A7 /* BrandsCollectionView.swift */,
				70E3A584232DA56F00F9A5A7 /* BrandsCollectionViewCell.swift */,
				70E049A1235397B6005A1B71 /* BrandsSelectorView.swift */,
			);
			path = RecipeListHeader;
			sourceTree = "<group>";
		};
		70E6F4742198DE1A005C08EE = {
			isa = PBXGroup;
			children = (
				70E6F47F2198DE1A005C08EE /* Paper Spoon */,
				70E6F4972198DE1D005C08EE /* Paper SpoonTests */,
				70E6F4A22198DE1D005C08EE /* Paper SpoonUITests */,
				70E6F47E2198DE1A005C08EE /* Products */,
			);
			sourceTree = "<group>";
		};
		70E6F47E2198DE1A005C08EE /* Products */ = {
			isa = PBXGroup;
			children = (
				70E6F47D2198DE1A005C08EE /* Paper Spoon.app */,
				70E6F4942198DE1D005C08EE /* Paper SpoonTests.xctest */,
				70E6F49F2198DE1D005C08EE /* Paper SpoonUITests.xctest */,
			);
			name = Products;
			sourceTree = "<group>";
		};
		70E6F47F2198DE1A005C08EE /* Paper Spoon */ = {
			isa = PBXGroup;
			children = (
				70E6F4802198DE1A005C08EE /* AppDelegate.swift */,
				701058E422FF61B900D4D9FD /* Fonts */,
				70D532D422F77A0A00C8F866 /* API */,
				70E0499C23538B9F005A1B71 /* ParentViewController */,
				7073E2CA2349359D0041223D /* DashboardController */,
				701058EF2308C34200D4D9FD /* CompileIngredientsViewController */,
				701058DD22FF614B00D4D9FD /* MealPrepViewController */,
				701185FB231B14A100F4D047 /* MealKitSelectionViewController */,
				70D532CD22F5EFD200C8F866 /* Model */,
				70D532CC22F5EFC900C8F866 /* Utility */,
				70E6F4842198DE1A005C08EE /* Main.storyboard */,
				70E6F48A2198DE1D005C08EE /* Assets.xcassets */,
				70E6F48C2198DE1D005C08EE /* LaunchScreen.storyboard */,
				70E6F48F2198DE1D005C08EE /* Info.plist */,
				70E6F4872198DE1A005C08EE /* Paper_Spoon.xcdatamodeld */,
			);
			path = "Paper Spoon";
			sourceTree = "<group>";
		};
		70E6F4972198DE1D005C08EE /* Paper SpoonTests */ = {
			isa = PBXGroup;
			children = (
				70E6F4982198DE1D005C08EE /* Paper_SpoonTests.swift */,
				70E6F49A2198DE1D005C08EE /* Info.plist */,
			);
			path = "Paper SpoonTests";
			sourceTree = "<group>";
		};
		70E6F4A22198DE1D005C08EE /* Paper SpoonUITests */ = {
			isa = PBXGroup;
			children = (
				70E6F4A32198DE1D005C08EE /* Paper_SpoonUITests.swift */,
				70E6F4A52198DE1D005C08EE /* Info.plist */,
			);
			path = "Paper SpoonUITests";
			sourceTree = "<group>";
		};
		70FCDD8323A519C800DC7BA2 /* InstructionsViewController */ = {
			isa = PBXGroup;
			children = (
				7077B5A923244C8700359035 /* InstructionsViewController.swift */,
				7077B5A52323F82E00359035 /* InstructionsCollectionView.swift */,
				7077B5A72323F9C100359035 /* InstructionsCollectionViewCell.swift */,
				70FCDD8423A555FB00DC7BA2 /* InstructionsImgCollectionView.swift */,
				70FCDD8623A55A3900DC7BA2 /* InstructionsImgCollectionViewCell.swift */,
			);
			path = InstructionsViewController;
			sourceTree = "<group>";
		};
/* End PBXGroup section */

/* Begin PBXNativeTarget section */
		70E6F47C2198DE1A005C08EE /* Paper Spoon */ = {
			isa = PBXNativeTarget;
			buildConfigurationList = 70E6F4A82198DE1D005C08EE /* Build configuration list for PBXNativeTarget "Paper Spoon" */;
			buildPhases = (
				70E6F4792198DE1A005C08EE /* Sources */,
				70E6F47A2198DE1A005C08EE /* Frameworks */,
				70E6F47B2198DE1A005C08EE /* Resources */,
			);
			buildRules = (
			);
			dependencies = (
			);
			name = "Paper Spoon";
			productName = "Paper Spoon";
			productReference = 70E6F47D2198DE1A005C08EE /* Paper Spoon.app */;
			productType = "com.apple.product-type.application";
		};
		70E6F4932198DE1D005C08EE /* Paper SpoonTests */ = {
			isa = PBXNativeTarget;
			buildConfigurationList = 70E6F4AB2198DE1D005C08EE /* Build configuration list for PBXNativeTarget "Paper SpoonTests" */;
			buildPhases = (
				70E6F4902198DE1D005C08EE /* Sources */,
				70E6F4912198DE1D005C08EE /* Frameworks */,
				70E6F4922198DE1D005C08EE /* Resources */,
			);
			buildRules = (
			);
			dependencies = (
				70E6F4962198DE1D005C08EE /* PBXTargetDependency */,
			);
			name = "Paper SpoonTests";
			productName = "Paper SpoonTests";
			productReference = 70E6F4942198DE1D005C08EE /* Paper SpoonTests.xctest */;
			productType = "com.apple.product-type.bundle.unit-test";
		};
		70E6F49E2198DE1D005C08EE /* Paper SpoonUITests */ = {
			isa = PBXNativeTarget;
			buildConfigurationList = 70E6F4AE2198DE1D005C08EE /* Build configuration list for PBXNativeTarget "Paper SpoonUITests" */;
			buildPhases = (
				70E6F49B2198DE1D005C08EE /* Sources */,
				70E6F49C2198DE1D005C08EE /* Frameworks */,
				70E6F49D2198DE1D005C08EE /* Resources */,
			);
			buildRules = (
			);
			dependencies = (
				70E6F4A12198DE1D005C08EE /* PBXTargetDependency */,
			);
			name = "Paper SpoonUITests";
			productName = "Paper SpoonUITests";
			productReference = 70E6F49F2198DE1D005C08EE /* Paper SpoonUITests.xctest */;
			productType = "com.apple.product-type.bundle.ui-testing";
		};
/* End PBXNativeTarget section */

/* Begin PBXProject section */
		70E6F4752198DE1A005C08EE /* Project object */ = {
			isa = PBXProject;
			attributes = {
				LastSwiftUpdateCheck = 1010;
				LastUpgradeCheck = 1010;
				ORGANIZATIONNAME = DLEE;
				TargetAttributes = {
					70E6F47C2198DE1A005C08EE = {
						CreatedOnToolsVersion = 10.1;
						LastSwiftMigration = 1030;
					};
					70E6F4932198DE1D005C08EE = {
						CreatedOnToolsVersion = 10.1;
						LastSwiftMigration = 1030;
						TestTargetID = 70E6F47C2198DE1A005C08EE;
					};
					70E6F49E2198DE1D005C08EE = {
						CreatedOnToolsVersion = 10.1;
						LastSwiftMigration = 1030;
						TestTargetID = 70E6F47C2198DE1A005C08EE;
					};
				};
			};
			buildConfigurationList = 70E6F4782198DE1A005C08EE /* Build configuration list for PBXProject "Paper Spoon" */;
			compatibilityVersion = "Xcode 9.3";
			developmentRegion = en;
			hasScannedForEncodings = 0;
			knownRegions = (
				en,
				Base,
			);
			mainGroup = 70E6F4742198DE1A005C08EE;
			productRefGroup = 70E6F47E2198DE1A005C08EE /* Products */;
			projectDirPath = "";
			projectRoot = "";
			targets = (
				70E6F47C2198DE1A005C08EE /* Paper Spoon */,
				70E6F4932198DE1D005C08EE /* Paper SpoonTests */,
				70E6F49E2198DE1D005C08EE /* Paper SpoonUITests */,
			);
		};
/* End PBXProject section */

/* Begin PBXResourcesBuildPhase section */
		70E6F47B2198DE1A005C08EE /* Resources */ = {
			isa = PBXResourcesBuildPhase;
			buildActionMask = 2147483647;
			files = (
				70E6F48E2198DE1D005C08EE /* LaunchScreen.storyboard in Resources */,
				700D4EF623DBF7C0003E6503 /* Renogare-Regular.otf in Resources */,
				700D4EF223DBF769003E6503 /* Cosima-DemoBold.otf in Resources */,
				701058F52308EE8300D4D9FD /* CompiledIngredientsCell.xib in Resources */,
				70E6F48B2198DE1D005C08EE /* Assets.xcassets in Resources */,
				70AD620823137EFD00ABE458 /* MealsPrepCollectionViewCell.xib in Resources */,
				70E6F4862198DE1A005C08EE /* Main.storyboard in Resources */,
				700D4EF423DBF7A8003E6503 /* OldSansBlack.ttf in Resources */,
				701185FD231B22EB00F4D047 /* Sunflower_personal.otf in Resources */,
				701058E222FF618E00D4D9FD /* coolvetica rg.ttf in Resources */,
				700D4EEA23D9483F003E6503 /* MavenPro-Regular.ttf in Resources */,
				701058E322FF618E00D4D9FD /* BebasNeue-Regular.otf in Resources */,
			);
			runOnlyForDeploymentPostprocessing = 0;
		};
		70E6F4922198DE1D005C08EE /* Resources */ = {
			isa = PBXResourcesBuildPhase;
			buildActionMask = 2147483647;
			files = (
			);
			runOnlyForDeploymentPostprocessing = 0;
		};
		70E6F49D2198DE1D005C08EE /* Resources */ = {
			isa = PBXResourcesBuildPhase;
			buildActionMask = 2147483647;
			files = (
			);
			runOnlyForDeploymentPostprocessing = 0;
		};
/* End PBXResourcesBuildPhase section */

/* Begin PBXSourcesBuildPhase section */
		70E6F4792198DE1A005C08EE /* Sources */ = {
			isa = PBXSourcesBuildPhase;
			buildActionMask = 2147483647;
			files = (
				70E049A2235397B6005A1B71 /* BrandsSelectorView.swift in Sources */,
				70FCDD8523A555FB00DC7BA2 /* InstructionsImgCollectionView.swift in Sources */,
				70118601231B291D00F4D047 /* MealKitsCollectionView.swift in Sources */,
				70FCDD80239D4DB200DC7BA2 /* GradientView.swift in Sources */,
				7077B5AA23244C8700359035 /* InstructionsViewController.swift in Sources */,
				70E3A587232DA59400F9A5A7 /* BrandsCollectionView.swift in Sources */,
				70D46CBE235C127700AB3488 /* MealKitsCollectionViewInstructionsPrep.swift in Sources */,
				7034C3B9231DF48500C88106 /* MealKitsCollectionViewCell.swift in Sources */,
				70AD620423137A0200ABE458 /* MealsPrepCollectionView.swift in Sources */,
				708A6757235CF00800C53011 /* BrandDashboardControllerDelegate.swift in Sources */,
				70E6F4832198DE1A005C08EE /* BrandDashboardController.swift in Sources */,
				708735E32310E3750079CCA5 /* IngredientsCategorization.swift in Sources */,
				70D532D822F780E100C8F866 /* MenuOptionListCell.swift in Sources */,
				70D46CB0235C110900AB3488 /* IngredientsHeader.swift in Sources */,
				701058E622FF61D400D4D9FD /* Fonts.swift in Sources */,
				70FCDD8B23A7111200DC7BA2 /* BrandData.swift in Sources */,
				7011AF7B23666778007EF159 /* NewMenuPrompt.swift in Sources */,
				701058E822FF61FA00D4D9FD /* Colors.swift in Sources */,
				70E3A585232DA56F00F9A5A7 /* BrandsCollectionViewCell.swift in Sources */,
				701058DA22FF0CCB00D4D9FD /* ImageAPI.swift in Sources */,
				70E0499E235396D6005A1B71 /* EmptyMealsPrepCell.swift in Sources */,
				701185FF231B28C700F4D047 /* MealKitSelectionViewController.swift in Sources */,
				703B9579235559D500F17F33 /* BrandDashboardControllerViews.swift in Sources */,
				700D4EFC23DCF569003E6503 /* NutritionModel.swift in Sources */,
				7077B5A62323F82E00359035 /* InstructionsCollectionView.swift in Sources */,
				70D46CB4235C112E00AB3488 /* RecipeCellInteraction.swift in Sources */,
				709B105923BFC6F900E0785A /* SplashImageView.swift in Sources */,
				70D532D322F7284000C8F866 /* MenuOptionList.swift in Sources */,
				70D532D622F77C4D00C8F866 /* BrandViewController.swift in Sources */,
				70D46CB5235C112E00AB3488 /* RecipeCellButton.swift in Sources */,
				7069802423C99C230064D5D0 /* ParentViewControllerDelegate.swift in Sources */,
				70D46CB6235C112E00AB3488 /* RecipeCellConstraints.swift in Sources */,
				70E3A583232D981A00F9A5A7 /* RecipeListHeader.swift in Sources */,
				705749C923CD76C100D303FB /* ParentViewControllerViews.swift in Sources */,
				70E049A02353977C005A1B71 /* CompiledIngredientsEmptyCollectionViewCell.swift in Sources */,
				70D46CBC235C117900AB3488 /* DeviceViews.swift in Sources */,
				70E6F4892198DE1A005C08EE /* Paper_Spoon.xcdatamodeld in Sources */,
				70D532C922F44DCA00C8F866 /* RecipeModel.swift in Sources */,
				701058DC22FF0FBE00D4D9FD /* MenuOptionObj.swift in Sources */,
				70D46CB9235C114A00AB3488 /* RecipeCellViews.swift in Sources */,
				701058EA22FF620600D4D9FD /* Extensions.swift in Sources */,
				700D4EF023DAA57B003E6503 /* MeasureConversion.swift in Sources */,
				70FCDD8F23B0739A00DC7BA2 /* HomeChefAPI.swift in Sources */,
				70D46CAE235C109900AB3488 /* IngredientsPillCell.swift in Sources */,
				70D532CB22F5EFAA00C8F866 /* Device.swift in Sources */,
				70AD620723137EFD00ABE458 /* MealsPrepCollectionViewCell.swift in Sources */,
				700D4EF823DBFA2F003E6503 /* NumberFormatter.swift in Sources */,
				70FCDD8923A6D59B00DC7BA2 /* BlueApronAPI.swift in Sources */,
				7077B5A82323F9C100359035 /* InstructionsCollectionViewCell.swift in Sources */,
				70D46CAD235C109900AB3488 /* RatingView.swift in Sources */,
				7069802223C999AD0064D5D0 /* BrandDashboardControllerSetUpAndData.swift in Sources */,
				70D532D122F6264C00C8F866 /* ActivityIndicator.swift in Sources */,
				709B105623BD483E00E0785A /* MenuOptionListHeader.swift in Sources */,
				700D4EEE23DAA3E4003E6503 /* BrandDashboardControllerTransitions.swift in Sources */,
				701058F12308C3BF00D4D9FD /* CompiledIngredientsList.swift in Sources */,
				700D4EFA23DCF55F003E6503 /* IngredientsModel.swift in Sources */,
				701058EE2308C33B00D4D9FD /* CompiledIngredientsViewController.swift in Sources */,
				707EE0A22365F3660038592A /* EmptyMealKitsCell.swift in Sources */,
				70FCDD8723A55A3900DC7BA2 /* InstructionsImgCollectionViewCell.swift in Sources */,
				70D46CAC235C109900AB3488 /* IngredientsListCollectionView.swift in Sources */,
				70E6F4812198DE1A005C08EE /* AppDelegate.swift in Sources */,
				70E6F4B22198EE93005C08EE /* HelloFreshAPI.swift in Sources */,
				70261D9923116B9E004AC40E /* MealPrepViewController.swift in Sources */,
				701058F42308EE8300D4D9FD /* CompiledIngredientsCell.swift in Sources */,
				70FCDD82239FC2C800DC7BA2 /* OptionsCountView.swift in Sources */,
				70E0499923528DB0005A1B71 /* ParentViewController.swift in Sources */,
				70E3A581232B393200F9A5A7 /* IngredientsPrepCollectionViewCell.swift in Sources */,
				701058EC2308BE0100D4D9FD /* NextStepBtn.swift in Sources */,
				700D4EEC23DAA3A4003E6503 /* BrandDashboardControllerLogic.swift in Sources */,
				70E0499B235387EB005A1B71 /* EmptyCollectionViewCell.swift in Sources */,
				70FCDD8D23A7314300DC7BA2 /* BrandAPI.swift in Sources */,
				70D46CA2235BFFC600AB3488 /* EmptyCompiledIngredientsCell.swift in Sources */,
				701185FA231B137500F4D047 /* IngredientsPrepCollectionView.swift in Sources */,
			);
			runOnlyForDeploymentPostprocessing = 0;
		};
		70E6F4902198DE1D005C08EE /* Sources */ = {
			isa = PBXSourcesBuildPhase;
			buildActionMask = 2147483647;
			files = (
				70E6F4992198DE1D005C08EE /* Paper_SpoonTests.swift in Sources */,
			);
			runOnlyForDeploymentPostprocessing = 0;
		};
		70E6F49B2198DE1D005C08EE /* Sources */ = {
			isa = PBXSourcesBuildPhase;
			buildActionMask = 2147483647;
			files = (
				70E6F4A42198DE1D005C08EE /* Paper_SpoonUITests.swift in Sources */,
			);
			runOnlyForDeploymentPostprocessing = 0;
		};
/* End PBXSourcesBuildPhase section */

/* Begin PBXTargetDependency section */
		70E6F4962198DE1D005C08EE /* PBXTargetDependency */ = {
			isa = PBXTargetDependency;
			target = 70E6F47C2198DE1A005C08EE /* Paper Spoon */;
			targetProxy = 70E6F4952198DE1D005C08EE /* PBXContainerItemProxy */;
		};
		70E6F4A12198DE1D005C08EE /* PBXTargetDependency */ = {
			isa = PBXTargetDependency;
			target = 70E6F47C2198DE1A005C08EE /* Paper Spoon */;
			targetProxy = 70E6F4A02198DE1D005C08EE /* PBXContainerItemProxy */;
		};
/* End PBXTargetDependency section */

/* Begin PBXVariantGroup section */
		70E6F4842198DE1A005C08EE /* Main.storyboard */ = {
			isa = PBXVariantGroup;
			children = (
				70E6F4852198DE1A005C08EE /* Base */,
			);
			name = Main.storyboard;
			sourceTree = "<group>";
		};
		70E6F48C2198DE1D005C08EE /* LaunchScreen.storyboard */ = {
			isa = PBXVariantGroup;
			children = (
				70E6F48D2198DE1D005C08EE /* Base */,
			);
			name = LaunchScreen.storyboard;
			sourceTree = "<group>";
		};
/* End PBXVariantGroup section */

/* Begin XCBuildConfiguration section */
		70E6F4A62198DE1D005C08EE /* Debug */ = {
			isa = XCBuildConfiguration;
			buildSettings = {
				ALWAYS_SEARCH_USER_PATHS = NO;
				CLANG_ANALYZER_NONNULL = YES;
				CLANG_ANALYZER_NUMBER_OBJECT_CONVERSION = YES_AGGRESSIVE;
				CLANG_CXX_LANGUAGE_STANDARD = "gnu++14";
				CLANG_CXX_LIBRARY = "libc++";
				CLANG_ENABLE_MODULES = YES;
				CLANG_ENABLE_OBJC_ARC = YES;
				CLANG_ENABLE_OBJC_WEAK = YES;
				CLANG_WARN_BLOCK_CAPTURE_AUTORELEASING = YES;
				CLANG_WARN_BOOL_CONVERSION = YES;
				CLANG_WARN_COMMA = YES;
				CLANG_WARN_CONSTANT_CONVERSION = YES;
				CLANG_WARN_DEPRECATED_OBJC_IMPLEMENTATIONS = YES;
				CLANG_WARN_DIRECT_OBJC_ISA_USAGE = YES_ERROR;
				CLANG_WARN_DOCUMENTATION_COMMENTS = YES;
				CLANG_WARN_EMPTY_BODY = YES;
				CLANG_WARN_ENUM_CONVERSION = YES;
				CLANG_WARN_INFINITE_RECURSION = YES;
				CLANG_WARN_INT_CONVERSION = YES;
				CLANG_WARN_NON_LITERAL_NULL_CONVERSION = YES;
				CLANG_WARN_OBJC_IMPLICIT_RETAIN_SELF = YES;
				CLANG_WARN_OBJC_LITERAL_CONVERSION = YES;
				CLANG_WARN_OBJC_ROOT_CLASS = YES_ERROR;
				CLANG_WARN_RANGE_LOOP_ANALYSIS = YES;
				CLANG_WARN_STRICT_PROTOTYPES = YES;
				CLANG_WARN_SUSPICIOUS_MOVE = YES;
				CLANG_WARN_UNGUARDED_AVAILABILITY = YES_AGGRESSIVE;
				CLANG_WARN_UNREACHABLE_CODE = YES;
				CLANG_WARN__DUPLICATE_METHOD_MATCH = YES;
				CODE_SIGN_IDENTITY = "iPhone Developer";
				COPY_PHASE_STRIP = NO;
				DEBUG_INFORMATION_FORMAT = dwarf;
				ENABLE_STRICT_OBJC_MSGSEND = YES;
				ENABLE_TESTABILITY = YES;
				GCC_C_LANGUAGE_STANDARD = gnu11;
				GCC_DYNAMIC_NO_PIC = NO;
				GCC_NO_COMMON_BLOCKS = YES;
				GCC_OPTIMIZATION_LEVEL = 0;
				GCC_PREPROCESSOR_DEFINITIONS = (
					"DEBUG=1",
					"$(inherited)",
				);
				GCC_WARN_64_TO_32_BIT_CONVERSION = YES;
				GCC_WARN_ABOUT_RETURN_TYPE = YES_ERROR;
				GCC_WARN_UNDECLARED_SELECTOR = YES;
				GCC_WARN_UNINITIALIZED_AUTOS = YES_AGGRESSIVE;
				GCC_WARN_UNUSED_FUNCTION = YES;
				GCC_WARN_UNUSED_VARIABLE = YES;
				IPHONEOS_DEPLOYMENT_TARGET = 12.1;
				MTL_ENABLE_DEBUG_INFO = INCLUDE_SOURCE;
				MTL_FAST_MATH = YES;
				ONLY_ACTIVE_ARCH = YES;
				SDKROOT = iphoneos;
				SWIFT_ACTIVE_COMPILATION_CONDITIONS = DEBUG;
				SWIFT_OPTIMIZATION_LEVEL = "-Onone";
			};
			name = Debug;
		};
		70E6F4A72198DE1D005C08EE /* Release */ = {
			isa = XCBuildConfiguration;
			buildSettings = {
				ALWAYS_SEARCH_USER_PATHS = NO;
				CLANG_ANALYZER_NONNULL = YES;
				CLANG_ANALYZER_NUMBER_OBJECT_CONVERSION = YES_AGGRESSIVE;
				CLANG_CXX_LANGUAGE_STANDARD = "gnu++14";
				CLANG_CXX_LIBRARY = "libc++";
				CLANG_ENABLE_MODULES = YES;
				CLANG_ENABLE_OBJC_ARC = YES;
				CLANG_ENABLE_OBJC_WEAK = YES;
				CLANG_WARN_BLOCK_CAPTURE_AUTORELEASING = YES;
				CLANG_WARN_BOOL_CONVERSION = YES;
				CLANG_WARN_COMMA = YES;
				CLANG_WARN_CONSTANT_CONVERSION = YES;
				CLANG_WARN_DEPRECATED_OBJC_IMPLEMENTATIONS = YES;
				CLANG_WARN_DIRECT_OBJC_ISA_USAGE = YES_ERROR;
				CLANG_WARN_DOCUMENTATION_COMMENTS = YES;
				CLANG_WARN_EMPTY_BODY = YES;
				CLANG_WARN_ENUM_CONVERSION = YES;
				CLANG_WARN_INFINITE_RECURSION = YES;
				CLANG_WARN_INT_CONVERSION = YES;
				CLANG_WARN_NON_LITERAL_NULL_CONVERSION = YES;
				CLANG_WARN_OBJC_IMPLICIT_RETAIN_SELF = YES;
				CLANG_WARN_OBJC_LITERAL_CONVERSION = YES;
				CLANG_WARN_OBJC_ROOT_CLASS = YES_ERROR;
				CLANG_WARN_RANGE_LOOP_ANALYSIS = YES;
				CLANG_WARN_STRICT_PROTOTYPES = YES;
				CLANG_WARN_SUSPICIOUS_MOVE = YES;
				CLANG_WARN_UNGUARDED_AVAILABILITY = YES_AGGRESSIVE;
				CLANG_WARN_UNREACHABLE_CODE = YES;
				CLANG_WARN__DUPLICATE_METHOD_MATCH = YES;
				CODE_SIGN_IDENTITY = "iPhone Developer";
				COPY_PHASE_STRIP = NO;
				DEBUG_INFORMATION_FORMAT = "dwarf-with-dsym";
				ENABLE_NS_ASSERTIONS = NO;
				ENABLE_STRICT_OBJC_MSGSEND = YES;
				GCC_C_LANGUAGE_STANDARD = gnu11;
				GCC_NO_COMMON_BLOCKS = YES;
				GCC_WARN_64_TO_32_BIT_CONVERSION = YES;
				GCC_WARN_ABOUT_RETURN_TYPE = YES_ERROR;
				GCC_WARN_UNDECLARED_SELECTOR = YES;
				GCC_WARN_UNINITIALIZED_AUTOS = YES_AGGRESSIVE;
				GCC_WARN_UNUSED_FUNCTION = YES;
				GCC_WARN_UNUSED_VARIABLE = YES;
				IPHONEOS_DEPLOYMENT_TARGET = 12.1;
				MTL_ENABLE_DEBUG_INFO = NO;
				MTL_FAST_MATH = YES;
				SDKROOT = iphoneos;
				SWIFT_COMPILATION_MODE = wholemodule;
				SWIFT_OPTIMIZATION_LEVEL = "-O";
				VALIDATE_PRODUCT = YES;
			};
			name = Release;
		};
		70E6F4A92198DE1D005C08EE /* Debug */ = {
			isa = XCBuildConfiguration;
			buildSettings = {
				ASSETCATALOG_COMPILER_APPICON_NAME = AppIcon;
				CODE_SIGN_STYLE = Automatic;
				DEVELOPMENT_TEAM = 7E8B8U32UT;
				INFOPLIST_FILE = "Paper Spoon/Info.plist";
				LD_RUNPATH_SEARCH_PATHS = (
					"$(inherited)",
					"@executable_path/Frameworks",
				);
				PRODUCT_BUNDLE_IDENTIFIER = "dlee923.Paper-Spoon";
				PRODUCT_NAME = "$(TARGET_NAME)";
				SWIFT_VERSION = 5.0;
				TARGETED_DEVICE_FAMILY = "1,2";
			};
			name = Debug;
		};
		70E6F4AA2198DE1D005C08EE /* Release */ = {
			isa = XCBuildConfiguration;
			buildSettings = {
				ASSETCATALOG_COMPILER_APPICON_NAME = AppIcon;
				CODE_SIGN_STYLE = Automatic;
				DEVELOPMENT_TEAM = 7E8B8U32UT;
				INFOPLIST_FILE = "Paper Spoon/Info.plist";
				LD_RUNPATH_SEARCH_PATHS = (
					"$(inherited)",
					"@executable_path/Frameworks",
				);
				PRODUCT_BUNDLE_IDENTIFIER = "dlee923.Paper-Spoon";
				PRODUCT_NAME = "$(TARGET_NAME)";
				SWIFT_VERSION = 5.0;
				TARGETED_DEVICE_FAMILY = "1,2";
			};
			name = Release;
		};
		70E6F4AC2198DE1D005C08EE /* Debug */ = {
			isa = XCBuildConfiguration;
			buildSettings = {
				ALWAYS_EMBED_SWIFT_STANDARD_LIBRARIES = YES;
				BUNDLE_LOADER = "$(TEST_HOST)";
				CODE_SIGN_STYLE = Automatic;
				DEVELOPMENT_TEAM = 7E8B8U32UT;
				INFOPLIST_FILE = "Paper SpoonTests/Info.plist";
				LD_RUNPATH_SEARCH_PATHS = (
					"$(inherited)",
					"@executable_path/Frameworks",
					"@loader_path/Frameworks",
				);
				PRODUCT_BUNDLE_IDENTIFIER = "dlee923.Paper-SpoonTests";
				PRODUCT_NAME = "$(TARGET_NAME)";
				SWIFT_VERSION = 5.0;
				TARGETED_DEVICE_FAMILY = "1,2";
				TEST_HOST = "$(BUILT_PRODUCTS_DIR)/Paper Spoon.app/Paper Spoon";
			};
			name = Debug;
		};
		70E6F4AD2198DE1D005C08EE /* Release */ = {
			isa = XCBuildConfiguration;
			buildSettings = {
				ALWAYS_EMBED_SWIFT_STANDARD_LIBRARIES = YES;
				BUNDLE_LOADER = "$(TEST_HOST)";
				CODE_SIGN_STYLE = Automatic;
				DEVELOPMENT_TEAM = 7E8B8U32UT;
				INFOPLIST_FILE = "Paper SpoonTests/Info.plist";
				LD_RUNPATH_SEARCH_PATHS = (
					"$(inherited)",
					"@executable_path/Frameworks",
					"@loader_path/Frameworks",
				);
				PRODUCT_BUNDLE_IDENTIFIER = "dlee923.Paper-SpoonTests";
				PRODUCT_NAME = "$(TARGET_NAME)";
				SWIFT_VERSION = 5.0;
				TARGETED_DEVICE_FAMILY = "1,2";
				TEST_HOST = "$(BUILT_PRODUCTS_DIR)/Paper Spoon.app/Paper Spoon";
			};
			name = Release;
		};
		70E6F4AF2198DE1D005C08EE /* Debug */ = {
			isa = XCBuildConfiguration;
			buildSettings = {
				ALWAYS_EMBED_SWIFT_STANDARD_LIBRARIES = YES;
				CODE_SIGN_STYLE = Automatic;
				DEVELOPMENT_TEAM = 7E8B8U32UT;
				INFOPLIST_FILE = "Paper SpoonUITests/Info.plist";
				LD_RUNPATH_SEARCH_PATHS = (
					"$(inherited)",
					"@executable_path/Frameworks",
					"@loader_path/Frameworks",
				);
				PRODUCT_BUNDLE_IDENTIFIER = "dlee923.Paper-SpoonUITests";
				PRODUCT_NAME = "$(TARGET_NAME)";
				SWIFT_VERSION = 5.0;
				TARGETED_DEVICE_FAMILY = "1,2";
				TEST_TARGET_NAME = "Paper Spoon";
			};
			name = Debug;
		};
		70E6F4B02198DE1D005C08EE /* Release */ = {
			isa = XCBuildConfiguration;
			buildSettings = {
				ALWAYS_EMBED_SWIFT_STANDARD_LIBRARIES = YES;
				CODE_SIGN_STYLE = Automatic;
				DEVELOPMENT_TEAM = 7E8B8U32UT;
				INFOPLIST_FILE = "Paper SpoonUITests/Info.plist";
				LD_RUNPATH_SEARCH_PATHS = (
					"$(inherited)",
					"@executable_path/Frameworks",
					"@loader_path/Frameworks",
				);
				PRODUCT_BUNDLE_IDENTIFIER = "dlee923.Paper-SpoonUITests";
				PRODUCT_NAME = "$(TARGET_NAME)";
				SWIFT_VERSION = 5.0;
				TARGETED_DEVICE_FAMILY = "1,2";
				TEST_TARGET_NAME = "Paper Spoon";
			};
			name = Release;
		};
/* End XCBuildConfiguration section */

/* Begin XCConfigurationList section */
		70E6F4782198DE1A005C08EE /* Build configuration list for PBXProject "Paper Spoon" */ = {
			isa = XCConfigurationList;
			buildConfigurations = (
				70E6F4A62198DE1D005C08EE /* Debug */,
				70E6F4A72198DE1D005C08EE /* Release */,
			);
			defaultConfigurationIsVisible = 0;
			defaultConfigurationName = Release;
		};
		70E6F4A82198DE1D005C08EE /* Build configuration list for PBXNativeTarget "Paper Spoon" */ = {
			isa = XCConfigurationList;
			buildConfigurations = (
				70E6F4A92198DE1D005C08EE /* Debug */,
				70E6F4AA2198DE1D005C08EE /* Release */,
			);
			defaultConfigurationIsVisible = 0;
			defaultConfigurationName = Release;
		};
		70E6F4AB2198DE1D005C08EE /* Build configuration list for PBXNativeTarget "Paper SpoonTests" */ = {
			isa = XCConfigurationList;
			buildConfigurations = (
				70E6F4AC2198DE1D005C08EE /* Debug */,
				70E6F4AD2198DE1D005C08EE /* Release */,
			);
			defaultConfigurationIsVisible = 0;
			defaultConfigurationName = Release;
		};
		70E6F4AE2198DE1D005C08EE /* Build configuration list for PBXNativeTarget "Paper SpoonUITests" */ = {
			isa = XCConfigurationList;
			buildConfigurations = (
				70E6F4AF2198DE1D005C08EE /* Debug */,
				70E6F4B02198DE1D005C08EE /* Release */,
			);
			defaultConfigurationIsVisible = 0;
			defaultConfigurationName = Release;
		};
/* End XCConfigurationList section */

/* Begin XCVersionGroup section */
		70E6F4872198DE1A005C08EE /* Paper_Spoon.xcdatamodeld */ = {
			isa = XCVersionGroup;
			children = (
				70E6F4882198DE1A005C08EE /* Paper_Spoon.xcdatamodel */,
			);
			currentVersion = 70E6F4882198DE1A005C08EE /* Paper_Spoon.xcdatamodel */;
			path = Paper_Spoon.xcdatamodeld;
			sourceTree = "<group>";
			versionGroupType = wrapper.xcdatamodel;
		};
/* End XCVersionGroup section */
	};
	rootObject = 70E6F4752198DE1A005C08EE /* Project object */;
}
