// !$*UTF8*$!
{
	archiveVersion = 1;
	classes = {
	};
	objectVersion = 50;
	objects = {

/* Begin PBXBuildFile section */
		701058DA22FF0CCB00D4D9FD /* ImageAPI.swift in Sources */ = {isa = PBXBuildFile; fileRef = 701058D922FF0CCB00D4D9FD /* ImageAPI.swift */; };
		701058DC22FF0FBE00D4D9FD /* MenuOptionObj.swift in Sources */ = {isa = PBXBuildFile; fileRef = 701058DB22FF0FBE00D4D9FD /* MenuOptionObj.swift */; };
		701058E222FF618E00D4D9FD /* coolvetica rg.ttf in Resources */ = {isa = PBXBuildFile; fileRef = 701058DF22FF618E00D4D9FD /* coolvetica rg.ttf */; };
		701058E322FF618E00D4D9FD /* BebasNeue-Regular.otf in Resources */ = {isa = PBXBuildFile; fileRef = 701058E022FF618E00D4D9FD /* BebasNeue-Regular.otf */; };
		701058E622FF61D400D4D9FD /* Fonts.swift in Sources */ = {isa = PBXBuildFile; fileRef = 701058E522FF61D400D4D9FD /* Fonts.swift */; };
		701058E822FF61FA00D4D9FD /* Colors.swift in Sources */ = {isa = PBXBuildFile; fileRef = 701058E722FF61FA00D4D9FD /* Colors.swift */; };
		701058EA22FF620600D4D9FD /* Extensions.swift in Sources */ = {isa = PBXBuildFile; fileRef = 701058E922FF620600D4D9FD /* Extensions.swift */; };
		701058EC2308BE0100D4D9FD /* NextStepBtn.swift in Sources */ = {isa = PBXBuildFile; fileRef = 701058EB2308BE0100D4D9FD /* NextStepBtn.swift */; };
		701058EE2308C33B00D4D9FD /* CompileIngredientsViewController.swift in Sources */ = {isa = PBXBuildFile; fileRef = 701058ED2308C33B00D4D9FD /* CompileIngredientsViewController.swift */; };
		701058F12308C3BF00D4D9FD /* CompiledIngredientsList.swift in Sources */ = {isa = PBXBuildFile; fileRef = 701058F02308C3BF00D4D9FD /* CompiledIngredientsList.swift */; };
		701058F42308EE8300D4D9FD /* CompiledIngredientsCell.swift in Sources */ = {isa = PBXBuildFile; fileRef = 701058F22308EE8300D4D9FD /* CompiledIngredientsCell.swift */; };
		701058F52308EE8300D4D9FD /* CompiledIngredientsCell.xib in Resources */ = {isa = PBXBuildFile; fileRef = 701058F32308EE8300D4D9FD /* CompiledIngredientsCell.xib */; };
		701185FA231B137500F4D047 /* IngredientsPrepTableView.swift in Sources */ = {isa = PBXBuildFile; fileRef = 701185F9231B137500F4D047 /* IngredientsPrepTableView.swift */; };
		701185FD231B22EB00F4D047 /* Sunflower_personal.otf in Resources */ = {isa = PBXBuildFile; fileRef = 701185FC231B22EA00F4D047 /* Sunflower_personal.otf */; };
		701185FF231B28C700F4D047 /* MealKitSelectionViewController.swift in Sources */ = {isa = PBXBuildFile; fileRef = 701185FE231B28C700F4D047 /* MealKitSelectionViewController.swift */; };
		70118601231B291D00F4D047 /* MealKitsCollectionView.swift in Sources */ = {isa = PBXBuildFile; fileRef = 70118600231B291D00F4D047 /* MealKitsCollectionView.swift */; };
		70261D9923116B9E004AC40E /* MealPrepViewController.swift in Sources */ = {isa = PBXBuildFile; fileRef = 70261D9823116B9E004AC40E /* MealPrepViewController.swift */; };
		708735E32310E3750079CCA5 /* IngredientsCategorization.swift in Sources */ = {isa = PBXBuildFile; fileRef = 708735E22310E3750079CCA5 /* IngredientsCategorization.swift */; };
		70AD620423137A0200ABE458 /* MealsPrepCollectionView.swift in Sources */ = {isa = PBXBuildFile; fileRef = 70AD620323137A0200ABE458 /* MealsPrepCollectionView.swift */; };
		70AD620723137EFD00ABE458 /* MealsPrepCollectionViewCell.swift in Sources */ = {isa = PBXBuildFile; fileRef = 70AD620523137EFD00ABE458 /* MealsPrepCollectionViewCell.swift */; };
		70AD620823137EFD00ABE458 /* MealsPrepCollectionViewCell.xib in Resources */ = {isa = PBXBuildFile; fileRef = 70AD620623137EFD00ABE458 /* MealsPrepCollectionViewCell.xib */; };
		70D532C922F44DCA00C8F866 /* RecipeModel.swift in Sources */ = {isa = PBXBuildFile; fileRef = 70D532C822F44DCA00C8F866 /* RecipeModel.swift */; };
		70D532CB22F5EFAA00C8F866 /* Device.swift in Sources */ = {isa = PBXBuildFile; fileRef = 70D532CA22F5EFAA00C8F866 /* Device.swift */; };
		70D532D122F6264C00C8F866 /* ActivityIndicator.swift in Sources */ = {isa = PBXBuildFile; fileRef = 70D532D022F6264C00C8F866 /* ActivityIndicator.swift */; };
		70D532D322F7284000C8F866 /* MenuOptionList.swift in Sources */ = {isa = PBXBuildFile; fileRef = 70D532D222F7284000C8F866 /* MenuOptionList.swift */; };
		70D532D622F77C4D00C8F866 /* RecipeListViewController.swift in Sources */ = {isa = PBXBuildFile; fileRef = 70D532D522F77C4D00C8F866 /* RecipeListViewController.swift */; };
		70D532D822F780E100C8F866 /* MenuOptionListCell.swift in Sources */ = {isa = PBXBuildFile; fileRef = 70D532D722F780E100C8F866 /* MenuOptionListCell.swift */; };
		70E6F4812198DE1A005C08EE /* AppDelegate.swift in Sources */ = {isa = PBXBuildFile; fileRef = 70E6F4802198DE1A005C08EE /* AppDelegate.swift */; };
		70E6F4832198DE1A005C08EE /* DashBoardController.swift in Sources */ = {isa = PBXBuildFile; fileRef = 70E6F4822198DE1A005C08EE /* DashBoardController.swift */; };
		70E6F4862198DE1A005C08EE /* Main.storyboard in Resources */ = {isa = PBXBuildFile; fileRef = 70E6F4842198DE1A005C08EE /* Main.storyboard */; };
		70E6F4892198DE1A005C08EE /* Paper_Spoon.xcdatamodeld in Sources */ = {isa = PBXBuildFile; fileRef = 70E6F4872198DE1A005C08EE /* Paper_Spoon.xcdatamodeld */; };
		70E6F48B2198DE1D005C08EE /* Assets.xcassets in Resources */ = {isa = PBXBuildFile; fileRef = 70E6F48A2198DE1D005C08EE /* Assets.xcassets */; };
		70E6F48E2198DE1D005C08EE /* LaunchScreen.storyboard in Resources */ = {isa = PBXBuildFile; fileRef = 70E6F48C2198DE1D005C08EE /* LaunchScreen.storyboard */; };
		70E6F4992198DE1D005C08EE /* Paper_SpoonTests.swift in Sources */ = {isa = PBXBuildFile; fileRef = 70E6F4982198DE1D005C08EE /* Paper_SpoonTests.swift */; };
		70E6F4A42198DE1D005C08EE /* Paper_SpoonUITests.swift in Sources */ = {isa = PBXBuildFile; fileRef = 70E6F4A32198DE1D005C08EE /* Paper_SpoonUITests.swift */; };
		70E6F4B22198EE93005C08EE /* HelloFreshAPI.swift in Sources */ = {isa = PBXBuildFile; fileRef = 70E6F4B12198EE93005C08EE /* HelloFreshAPI.swift */; };
/* End PBXBuildFile section */

/* Begin PBXContainerItemProxy section */
		70E6F4952198DE1D005C08EE /* PBXContainerItemProxy */ = {
			isa = PBXContainerItemProxy;
			containerPortal = 70E6F4752198DE1A005C08EE /* Project object */;
			proxyType = 1;
			remoteGlobalIDString = 70E6F47C2198DE1A005C08EE;
			remoteInfo = "Paper Spoon";
		};
		70E6F4A02198DE1D005C08EE /* PBXContainerItemProxy */ = {
			isa = PBXContainerItemProxy;
			containerPortal = 70E6F4752198DE1A005C08EE /* Project object */;
			proxyType = 1;
			remoteGlobalIDString = 70E6F47C2198DE1A005C08EE;
			remoteInfo = "Paper Spoon";
		};
/* End PBXContainerItemProxy section */

/* Begin PBXFileReference section */
		701058D922FF0CCB00D4D9FD /* ImageAPI.swift */ = {isa = PBXFileReference; fileEncoding = 4; lastKnownFileType = sourcecode.swift; path = ImageAPI.swift; sourceTree = "<group>"; };
		701058DB22FF0FBE00D4D9FD /* MenuOptionObj.swift */ = {isa = PBXFileReference; lastKnownFileType = sourcecode.swift; path = MenuOptionObj.swift; sourceTree = "<group>"; };
		701058DF22FF618E00D4D9FD /* coolvetica rg.ttf */ = {isa = PBXFileReference; lastKnownFileType = file; path = "coolvetica rg.ttf"; sourceTree = "<group>"; };
		701058E022FF618E00D4D9FD /* BebasNeue-Regular.otf */ = {isa = PBXFileReference; lastKnownFileType = file; path = "BebasNeue-Regular.otf"; sourceTree = "<group>"; };
		701058E522FF61D400D4D9FD /* Fonts.swift */ = {isa = PBXFileReference; fileEncoding = 4; lastKnownFileType = sourcecode.swift; path = Fonts.swift; sourceTree = "<group>"; };
		701058E722FF61FA00D4D9FD /* Colors.swift */ = {isa = PBXFileReference; fileEncoding = 4; lastKnownFileType = sourcecode.swift; path = Colors.swift; sourceTree = "<group>"; };
		701058E922FF620600D4D9FD /* Extensions.swift */ = {isa = PBXFileReference; fileEncoding = 4; lastKnownFileType = sourcecode.swift; path = Extensions.swift; sourceTree = "<group>"; };
		701058EB2308BE0100D4D9FD /* NextStepBtn.swift */ = {isa = PBXFileReference; lastKnownFileType = sourcecode.swift; path = NextStepBtn.swift; sourceTree = "<group>"; };
		701058ED2308C33B00D4D9FD /* CompileIngredientsViewController.swift */ = {isa = PBXFileReference; lastKnownFileType = sourcecode.swift; path = CompileIngredientsViewController.swift; sourceTree = "<group>"; };
		701058F02308C3BF00D4D9FD /* CompiledIngredientsList.swift */ = {isa = PBXFileReference; lastKnownFileType = sourcecode.swift; path = CompiledIngredientsList.swift; sourceTree = "<group>"; };
		701058F22308EE8300D4D9FD /* CompiledIngredientsCell.swift */ = {isa = PBXFileReference; lastKnownFileType = sourcecode.swift; path = CompiledIngredientsCell.swift; sourceTree = "<group>"; };
		701058F32308EE8300D4D9FD /* CompiledIngredientsCell.xib */ = {isa = PBXFileReference; lastKnownFileType = file.xib; path = CompiledIngredientsCell.xib; sourceTree = "<group>"; };
		701185F9231B137500F4D047 /* IngredientsPrepTableView.swift */ = {isa = PBXFileReference; lastKnownFileType = sourcecode.swift; path = IngredientsPrepTableView.swift; sourceTree = "<group>"; };
		701185FC231B22EA00F4D047 /* Sunflower_personal.otf */ = {isa = PBXFileReference; lastKnownFileType = file; path = Sunflower_personal.otf; sourceTree = "<group>"; };
		701185FE231B28C700F4D047 /* MealKitSelectionViewController.swift */ = {isa = PBXFileReference; lastKnownFileType = sourcecode.swift; path = MealKitSelectionViewController.swift; sourceTree = "<group>"; };
		70118600231B291D00F4D047 /* MealKitsCollectionView.swift */ = {isa = PBXFileReference; lastKnownFileType = sourcecode.swift; path = MealKitsCollectionView.swift; sourceTree = "<group>"; };
		70261D9823116B9E004AC40E /* MealPrepViewController.swift */ = {isa = PBXFileReference; lastKnownFileType = sourcecode.swift; path = MealPrepViewController.swift; sourceTree = "<group>"; };
		708735E22310E3750079CCA5 /* IngredientsCategorization.swift */ = {isa = PBXFileReference; lastKnownFileType = sourcecode.swift; path = IngredientsCategorization.swift; sourceTree = "<group>"; };
		70AD620323137A0200ABE458 /* MealsPrepCollectionView.swift */ = {isa = PBXFileReference; lastKnownFileType = sourcecode.swift; path = MealsPrepCollectionView.swift; sourceTree = "<group>"; };
		70AD620523137EFD00ABE458 /* MealsPrepCollectionViewCell.swift */ = {isa = PBXFileReference; lastKnownFileType = sourcecode.swift; path = MealsPrepCollectionViewCell.swift; sourceTree = "<group>"; };
		70AD620623137EFD00ABE458 /* MealsPrepCollectionViewCell.xib */ = {isa = PBXFileReference; lastKnownFileType = file.xib; path = MealsPrepCollectionViewCell.xib; sourceTree = "<group>"; };
		70D532C822F44DCA00C8F866 /* RecipeModel.swift */ = {isa = PBXFileReference; lastKnownFileType = sourcecode.swift; path = RecipeModel.swift; sourceTree = "<group>"; };
		70D532CA22F5EFAA00C8F866 /* Device.swift */ = {isa = PBXFileReference; fileEncoding = 4; lastKnownFileType = sourcecode.swift; path = Device.swift; sourceTree = "<group>"; };
		70D532D022F6264C00C8F866 /* ActivityIndicator.swift */ = {isa = PBXFileReference; lastKnownFileType = sourcecode.swift; path = ActivityIndicator.swift; sourceTree = "<group>"; };
		70D532D222F7284000C8F866 /* MenuOptionList.swift */ = {isa = PBXFileReference; lastKnownFileType = sourcecode.swift; path = MenuOptionList.swift; sourceTree = "<group>"; };
		70D532D522F77C4D00C8F866 /* RecipeListViewController.swift */ = {isa = PBXFileReference; lastKnownFileType = sourcecode.swift; path = RecipeListViewController.swift; sourceTree = "<group>"; };
		70D532D722F780E100C8F866 /* MenuOptionListCell.swift */ = {isa = PBXFileReference; lastKnownFileType = sourcecode.swift; path = MenuOptionListCell.swift; sourceTree = "<group>"; };
		70E6F47D2198DE1A005C08EE /* Paper Spoon.app */ = {isa = PBXFileReference; explicitFileType = wrapper.application; includeInIndex = 0; path = "Paper Spoon.app"; sourceTree = BUILT_PRODUCTS_DIR; };
		70E6F4802198DE1A005C08EE /* AppDelegate.swift */ = {isa = PBXFileReference; lastKnownFileType = sourcecode.swift; path = AppDelegate.swift; sourceTree = "<group>"; };
		70E6F4822198DE1A005C08EE /* DashBoardController.swift */ = {isa = PBXFileReference; lastKnownFileType = sourcecode.swift; path = DashBoardController.swift; sourceTree = "<group>"; };
		70E6F4852198DE1A005C08EE /* Base */ = {isa = PBXFileReference; lastKnownFileType = file.storyboard; name = Base; path = Base.lproj/Main.storyboard; sourceTree = "<group>"; };
		70E6F4882198DE1A005C08EE /* Paper_Spoon.xcdatamodel */ = {isa = PBXFileReference; lastKnownFileType = wrapper.xcdatamodel; path = Paper_Spoon.xcdatamodel; sourceTree = "<group>"; };
		70E6F48A2198DE1D005C08EE /* Assets.xcassets */ = {isa = PBXFileReference; lastKnownFileType = folder.assetcatalog; path = Assets.xcassets; sourceTree = "<group>"; };
		70E6F48D2198DE1D005C08EE /* Base */ = {isa = PBXFileReference; lastKnownFileType = file.storyboard; name = Base; path = Base.lproj/LaunchScreen.storyboard; sourceTree = "<group>"; };
		70E6F48F2198DE1D005C08EE /* Info.plist */ = {isa = PBXFileReference; lastKnownFileType = text.plist.xml; path = Info.plist; sourceTree = "<group>"; };
		70E6F4942198DE1D005C08EE /* Paper SpoonTests.xctest */ = {isa = PBXFileReference; explicitFileType = wrapper.cfbundle; includeInIndex = 0; path = "Paper SpoonTests.xctest"; sourceTree = BUILT_PRODUCTS_DIR; };
		70E6F4982198DE1D005C08EE /* Paper_SpoonTests.swift */ = {isa = PBXFileReference; lastKnownFileType = sourcecode.swift; path = Paper_SpoonTests.swift; sourceTree = "<group>"; };
		70E6F49A2198DE1D005C08EE /* Info.plist */ = {isa = PBXFileReference; lastKnownFileType = text.plist.xml; path = Info.plist; sourceTree = "<group>"; };
		70E6F49F2198DE1D005C08EE /* Paper SpoonUITests.xctest */ = {isa = PBXFileReference; explicitFileType = wrapper.cfbundle; includeInIndex = 0; path = "Paper SpoonUITests.xctest"; sourceTree = BUILT_PRODUCTS_DIR; };
		70E6F4A32198DE1D005C08EE /* Paper_SpoonUITests.swift */ = {isa = PBXFileReference; lastKnownFileType = sourcecode.swift; path = Paper_SpoonUITests.swift; sourceTree = "<group>"; };
		70E6F4A52198DE1D005C08EE /* Info.plist */ = {isa = PBXFileReference; lastKnownFileType = text.plist.xml; path = Info.plist; sourceTree = "<group>"; };
		70E6F4B12198EE93005C08EE /* HelloFreshAPI.swift */ = {isa = PBXFileReference; lastKnownFileType = sourcecode.swift; path = HelloFreshAPI.swift; sourceTree = "<group>"; };
/* End PBXFileReference section */

/* Begin PBXFrameworksBuildPhase section */
		70E6F47A2198DE1A005C08EE /* Frameworks */ = {
			isa = PBXFrameworksBuildPhase;
			buildActionMask = 2147483647;
			files = (
			);
			runOnlyForDeploymentPostprocessing = 0;
		};
		70E6F4912198DE1D005C08EE /* Frameworks */ = {
			isa = PBXFrameworksBuildPhase;
			buildActionMask = 2147483647;
			files = (
			);
			runOnlyForDeploymentPostprocessing = 0;
		};
		70E6F49C2198DE1D005C08EE /* Frameworks */ = {
			isa = PBXFrameworksBuildPhase;
			buildActionMask = 2147483647;
			files = (
			);
			runOnlyForDeploymentPostprocessing = 0;
		};
/* End PBXFrameworksBuildPhase section */

/* Begin PBXGroup section */
		701058DD22FF614B00D4D9FD /* MealPrepViewController */ = {
			isa = PBXGroup;
			children = (
				70261D9823116B9E004AC40E /* MealPrepViewController.swift */,
				70AD620323137A0200ABE458 /* MealsPrepCollectionView.swift */,
				70AD620523137EFD00ABE458 /* MealsPrepCollectionViewCell.swift */,
				70AD620623137EFD00ABE458 /* MealsPrepCollectionViewCell.xib */,
				701185F9231B137500F4D047 /* IngredientsPrepTableView.swift */,
			);
			path = MealPrepViewController;
			sourceTree = "<group>";
		};
		701058E422FF61B900D4D9FD /* Fonts */ = {
			isa = PBXGroup;
			children = (
				701058E522FF61D400D4D9FD /* Fonts.swift */,
				701058E022FF618E00D4D9FD /* BebasNeue-Regular.otf */,
				701185FC231B22EA00F4D047 /* Sunflower_personal.otf */,
				701058DF22FF618E00D4D9FD /* coolvetica rg.ttf */,
			);
			path = Fonts;
			sourceTree = "<group>";
		};
		701058EF2308C34200D4D9FD /* CompileIngredientsViewController */ = {
			isa = PBXGroup;
			children = (
				701058ED2308C33B00D4D9FD /* CompileIngredientsViewController.swift */,
				701058F02308C3BF00D4D9FD /* CompiledIngredientsList.swift */,
				701058F22308EE8300D4D9FD /* CompiledIngredientsCell.swift */,
				701058F32308EE8300D4D9FD /* CompiledIngredientsCell.xib */,
			);
			path = CompileIngredientsViewController;
			sourceTree = "<group>";
		};
		701185FB231B14A100F4D047 /* MealKitSelectionViewController */ = {
			isa = PBXGroup;
			children = (
				701185FE231B28C700F4D047 /* MealKitSelectionViewController.swift */,
				70118600231B291D00F4D047 /* MealKitsCollectionView.swift */,
			);
			path = MealKitSelectionViewController;
			sourceTree = "<group>";
		};
		70D532CC22F5EFC900C8F866 /* Utility */ = {
			isa = PBXGroup;
			children = (
				70D532D022F6264C00C8F866 /* ActivityIndicator.swift */,
				701058E922FF620600D4D9FD /* Extensions.swift */,
				70D532CA22F5EFAA00C8F866 /* Device.swift */,
				701058E722FF61FA00D4D9FD /* Colors.swift */,
			);
			path = Utility;
			sourceTree = "<group>";
		};
		70D532CD22F5EFD200C8F866 /* Model */ = {
			isa = PBXGroup;
			children = (
				70D532C822F44DCA00C8F866 /* RecipeModel.swift */,
				708735E22310E3750079CCA5 /* IngredientsCategorization.swift */,
				701058DB22FF0FBE00D4D9FD /* MenuOptionObj.swift */,
			);
			path = Model;
			sourceTree = "<group>";
		};
		70D532D422F77A0A00C8F866 /* API */ = {
			isa = PBXGroup;
			children = (
				70E6F4B12198EE93005C08EE /* HelloFreshAPI.swift */,
				701058D922FF0CCB00D4D9FD /* ImageAPI.swift */,
			);
			path = API;
			sourceTree = "<group>";
		};
		70D532D922F98CB100C8F866 /* RecipeListViewController */ = {
			isa = PBXGroup;
			children = (
				70D532D522F77C4D00C8F866 /* RecipeListViewController.swift */,
				70D532D222F7284000C8F866 /* MenuOptionList.swift */,
				70D532D722F780E100C8F866 /* MenuOptionListCell.swift */,
				701058EB2308BE0100D4D9FD /* NextStepBtn.swift */,
			);
			path = RecipeListViewController;
			sourceTree = "<group>";
		};
		70E6F4742198DE1A005C08EE = {
			isa = PBXGroup;
			children = (
				70E6F47F2198DE1A005C08EE /* Paper Spoon */,
				70E6F4972198DE1D005C08EE /* Paper SpoonTests */,
				70E6F4A22198DE1D005C08EE /* Paper SpoonUITests */,
				70E6F47E2198DE1A005C08EE /* Products */,
			);
			sourceTree = "<group>";
		};
		70E6F47E2198DE1A005C08EE /* Products */ = {
			isa = PBXGroup;
			children = (
				70E6F47D2198DE1A005C08EE /* Paper Spoon.app */,
				70E6F4942198DE1D005C08EE /* Paper SpoonTests.xctest */,
				70E6F49F2198DE1D005C08EE /* Paper SpoonUITests.xctest */,
			);
			name = Products;
			sourceTree = "<group>";
		};
		70E6F47F2198DE1A005C08EE /* Paper Spoon */ = {
			isa = PBXGroup;
			children = (
				70E6F4802198DE1A005C08EE /* AppDelegate.swift */,
				701058E422FF61B900D4D9FD /* Fonts */,
				70E6F4822198DE1A005C08EE /* DashBoardController.swift */,
				70D532D922F98CB100C8F866 /* RecipeListViewController */,
				701058EF2308C34200D4D9FD /* CompileIngredientsViewController */,
				701058DD22FF614B00D4D9FD /* MealPrepViewController */,
				701185FB231B14A100F4D047 /* MealKitSelectionViewController */,
				70D532D422F77A0A00C8F866 /* API */,
				70D532CD22F5EFD200C8F866 /* Model */,
				70D532CC22F5EFC900C8F866 /* Utility */,
				70E6F4842198DE1A005C08EE /* Main.storyboard */,
				70E6F48A2198DE1D005C08EE /* Assets.xcassets */,
				70E6F48C2198DE1D005C08EE /* LaunchScreen.storyboard */,
				70E6F48F2198DE1D005C08EE /* Info.plist */,
				70E6F4872198DE1A005C08EE /* Paper_Spoon.xcdatamodeld */,
			);
			path = "Paper Spoon";
			sourceTree = "<group>";
		};
		70E6F4972198DE1D005C08EE /* Paper SpoonTests */ = {
			isa = PBXGroup;
			children = (
				70E6F4982198DE1D005C08EE /* Paper_SpoonTests.swift */,
				70E6F49A2198DE1D005C08EE /* Info.plist */,
			);
			path = "Paper SpoonTests";
			sourceTree = "<group>";
		};
		70E6F4A22198DE1D005C08EE /* Paper SpoonUITests */ = {
			isa = PBXGroup;
			children = (
				70E6F4A32198DE1D005C08EE /* Paper_SpoonUITests.swift */,
				70E6F4A52198DE1D005C08EE /* Info.plist */,
			);
			path = "Paper SpoonUITests";
			sourceTree = "<group>";
		};
/* End PBXGroup section */

/* Begin PBXNativeTarget section */
		70E6F47C2198DE1A005C08EE /* Paper Spoon */ = {
			isa = PBXNativeTarget;
			buildConfigurationList = 70E6F4A82198DE1D005C08EE /* Build configuration list for PBXNativeTarget "Paper Spoon" */;
			buildPhases = (
				70E6F4792198DE1A005C08EE /* Sources */,
				70E6F47A2198DE1A005C08EE /* Frameworks */,
				70E6F47B2198DE1A005C08EE /* Resources */,
			);
			buildRules = (
			);
			dependencies = (
			);
			name = "Paper Spoon";
			productName = "Paper Spoon";
			productReference = 70E6F47D2198DE1A005C08EE /* Paper Spoon.app */;
			productType = "com.apple.product-type.application";
		};
		70E6F4932198DE1D005C08EE /* Paper SpoonTests */ = {
			isa = PBXNativeTarget;
			buildConfigurationList = 70E6F4AB2198DE1D005C08EE /* Build configuration list for PBXNativeTarget "Paper SpoonTests" */;
			buildPhases = (
				70E6F4902198DE1D005C08EE /* Sources */,
				70E6F4912198DE1D005C08EE /* Frameworks */,
				70E6F4922198DE1D005C08EE /* Resources */,
			);
			buildRules = (
			);
			dependencies = (
				70E6F4962198DE1D005C08EE /* PBXTargetDependency */,
			);
			name = "Paper SpoonTests";
			productName = "Paper SpoonTests";
			productReference = 70E6F4942198DE1D005C08EE /* Paper SpoonTests.xctest */;
			productType = "com.apple.product-type.bundle.unit-test";
		};
		70E6F49E2198DE1D005C08EE /* Paper SpoonUITests */ = {
			isa = PBXNativeTarget;
			buildConfigurationList = 70E6F4AE2198DE1D005C08EE /* Build configuration list for PBXNativeTarget "Paper SpoonUITests" */;
			buildPhases = (
				70E6F49B2198DE1D005C08EE /* Sources */,
				70E6F49C2198DE1D005C08EE /* Frameworks */,
				70E6F49D2198DE1D005C08EE /* Resources */,
			);
			buildRules = (
			);
			dependencies = (
				70E6F4A12198DE1D005C08EE /* PBXTargetDependency */,
			);
			name = "Paper SpoonUITests";
			productName = "Paper SpoonUITests";
			productReference = 70E6F49F2198DE1D005C08EE /* Paper SpoonUITests.xctest */;
			productType = "com.apple.product-type.bundle.ui-testing";
		};
/* End PBXNativeTarget section */

/* Begin PBXProject section */
		70E6F4752198DE1A005C08EE /* Project object */ = {
			isa = PBXProject;
			attributes = {
				LastSwiftUpdateCheck = 1010;
				LastUpgradeCheck = 1010;
				ORGANIZATIONNAME = DLEE;
				TargetAttributes = {
					70E6F47C2198DE1A005C08EE = {
						CreatedOnToolsVersion = 10.1;
					};
					70E6F4932198DE1D005C08EE = {
						CreatedOnToolsVersion = 10.1;
						TestTargetID = 70E6F47C2198DE1A005C08EE;
					};
					70E6F49E2198DE1D005C08EE = {
						CreatedOnToolsVersion = 10.1;
						TestTargetID = 70E6F47C2198DE1A005C08EE;
					};
				};
			};
			buildConfigurationList = 70E6F4782198DE1A005C08EE /* Build configuration list for PBXProject "Paper Spoon" */;
			compatibilityVersion = "Xcode 9.3";
			developmentRegion = en;
			hasScannedForEncodings = 0;
			knownRegions = (
				en,
				Base,
			);
			mainGroup = 70E6F4742198DE1A005C08EE;
			productRefGroup = 70E6F47E2198DE1A005C08EE /* Products */;
			projectDirPath = "";
			projectRoot = "";
			targets = (
				70E6F47C2198DE1A005C08EE /* Paper Spoon */,
				70E6F4932198DE1D005C08EE /* Paper SpoonTests */,
				70E6F49E2198DE1D005C08EE /* Paper SpoonUITests */,
			);
		};
/* End PBXProject section */

/* Begin PBXResourcesBuildPhase section */
		70E6F47B2198DE1A005C08EE /* Resources */ = {
			isa = PBXResourcesBuildPhase;
			buildActionMask = 2147483647;
			files = (
				70E6F48E2198DE1D005C08EE /* LaunchScreen.storyboard in Resources */,
				701058F52308EE8300D4D9FD /* CompiledIngredientsCell.xib in Resources */,
				70E6F48B2198DE1D005C08EE /* Assets.xcassets in Resources */,
				70AD620823137EFD00ABE458 /* MealsPrepCollectionViewCell.xib in Resources */,
				70E6F4862198DE1A005C08EE /* Main.storyboard in Resources */,
				701185FD231B22EB00F4D047 /* Sunflower_personal.otf in Resources */,
				701058E222FF618E00D4D9FD /* coolvetica rg.ttf in Resources */,
				701058E322FF618E00D4D9FD /* BebasNeue-Regular.otf in Resources */,
			);
			runOnlyForDeploymentPostprocessing = 0;
		};
		70E6F4922198DE1D005C08EE /* Resources */ = {
			isa = PBXResourcesBuildPhase;
			buildActionMask = 2147483647;
			files = (
			);
			runOnlyForDeploymentPostprocessing = 0;
		};
		70E6F49D2198DE1D005C08EE /* Resources */ = {
			isa = PBXResourcesBuildPhase;
			buildActionMask = 2147483647;
			files = (
			);
			runOnlyForDeploymentPostprocessing = 0;
		};
/* End PBXResourcesBuildPhase section */

/* Begin PBXSourcesBuildPhase section */
		70E6F4792198DE1A005C08EE /* Sources */ = {
			isa = PBXSourcesBuildPhase;
			buildActionMask = 2147483647;
			files = (
				70118601231B291D00F4D047 /* MealKitsCollectionView.swift in Sources */,
				70AD620423137A0200ABE458 /* MealsPrepCollectionView.swift in Sources */,
				70E6F4832198DE1A005C08EE /* DashBoardController.swift in Sources */,
				708735E32310E3750079CCA5 /* IngredientsCategorization.swift in Sources */,
				70D532D822F780E100C8F866 /* MenuOptionListCell.swift in Sources */,
				701058E622FF61D400D4D9FD /* Fonts.swift in Sources */,
				701058E822FF61FA00D4D9FD /* Colors.swift in Sources */,
				701058DA22FF0CCB00D4D9FD /* ImageAPI.swift in Sources */,
				701185FF231B28C700F4D047 /* MealKitSelectionViewController.swift in Sources */,
				70D532D322F7284000C8F866 /* MenuOptionList.swift in Sources */,
				70D532D622F77C4D00C8F866 /* RecipeListViewController.swift in Sources */,
				70E6F4892198DE1A005C08EE /* Paper_Spoon.xcdatamodeld in Sources */,
				70D532C922F44DCA00C8F866 /* RecipeModel.swift in Sources */,
				701058DC22FF0FBE00D4D9FD /* MenuOptionObj.swift in Sources */,
				701058EA22FF620600D4D9FD /* Extensions.swift in Sources */,
				70D532CB22F5EFAA00C8F866 /* Device.swift in Sources */,
				70AD620723137EFD00ABE458 /* MealsPrepCollectionViewCell.swift in Sources */,
				70D532D122F6264C00C8F866 /* ActivityIndicator.swift in Sources */,
				701058F12308C3BF00D4D9FD /* CompiledIngredientsList.swift in Sources */,
				701058EE2308C33B00D4D9FD /* CompileIngredientsViewController.swift in Sources */,
				70E6F4812198DE1A005C08EE /* AppDelegate.swift in Sources */,
				70E6F4B22198EE93005C08EE /* HelloFreshAPI.swift in Sources */,
				70261D9923116B9E004AC40E /* MealPrepViewController.swift in Sources */,
				701058F42308EE8300D4D9FD /* CompiledIngredientsCell.swift in Sources */,
				701058EC2308BE0100D4D9FD /* NextStepBtn.swift in Sources */,
				701185FA231B137500F4D047 /* IngredientsPrepTableView.swift in Sources */,
			);
			runOnlyForDeploymentPostprocessing = 0;
		};
		70E6F4902198DE1D005C08EE /* Sources */ = {
			isa = PBXSourcesBuildPhase;
			buildActionMask = 2147483647;
			files = (
				70E6F4992198DE1D005C08EE /* Paper_SpoonTests.swift in Sources */,
			);
			runOnlyForDeploymentPostprocessing = 0;
		};
		70E6F49B2198DE1D005C08EE /* Sources */ = {
			isa = PBXSourcesBuildPhase;
			buildActionMask = 2147483647;
			files = (
				70E6F4A42198DE1D005C08EE /* Paper_SpoonUITests.swift in Sources */,
			);
			runOnlyForDeploymentPostprocessing = 0;
		};
/* End PBXSourcesBuildPhase section */

/* Begin PBXTargetDependency section */
		70E6F4962198DE1D005C08EE /* PBXTargetDependency */ = {
			isa = PBXTargetDependency;
			target = 70E6F47C2198DE1A005C08EE /* Paper Spoon */;
			targetProxy = 70E6F4952198DE1D005C08EE /* PBXContainerItemProxy */;
		};
		70E6F4A12198DE1D005C08EE /* PBXTargetDependency */ = {
			isa = PBXTargetDependency;
			target = 70E6F47C2198DE1A005C08EE /* Paper Spoon */;
			targetProxy = 70E6F4A02198DE1D005C08EE /* PBXContainerItemProxy */;
		};
/* End PBXTargetDependency section */

/* Begin PBXVariantGroup section */
		70E6F4842198DE1A005C08EE /* Main.storyboard */ = {
			isa = PBXVariantGroup;
			children = (
				70E6F4852198DE1A005C08EE /* Base */,
			);
			name = Main.storyboard;
			sourceTree = "<group>";
		};
		70E6F48C2198DE1D005C08EE /* LaunchScreen.storyboard */ = {
			isa = PBXVariantGroup;
			children = (
				70E6F48D2198DE1D005C08EE /* Base */,
			);
			name = LaunchScreen.storyboard;
			sourceTree = "<group>";
		};
/* End PBXVariantGroup section */

/* Begin XCBuildConfiguration section */
		70E6F4A62198DE1D005C08EE /* Debug */ = {
			isa = XCBuildConfiguration;
			buildSettings = {
				ALWAYS_SEARCH_USER_PATHS = NO;
				CLANG_ANALYZER_NONNULL = YES;
				CLANG_ANALYZER_NUMBER_OBJECT_CONVERSION = YES_AGGRESSIVE;
				CLANG_CXX_LANGUAGE_STANDARD = "gnu++14";
				CLANG_CXX_LIBRARY = "libc++";
				CLANG_ENABLE_MODULES = YES;
				CLANG_ENABLE_OBJC_ARC = YES;
				CLANG_ENABLE_OBJC_WEAK = YES;
				CLANG_WARN_BLOCK_CAPTURE_AUTORELEASING = YES;
				CLANG_WARN_BOOL_CONVERSION = YES;
				CLANG_WARN_COMMA = YES;
				CLANG_WARN_CONSTANT_CONVERSION = YES;
				CLANG_WARN_DEPRECATED_OBJC_IMPLEMENTATIONS = YES;
				CLANG_WARN_DIRECT_OBJC_ISA_USAGE = YES_ERROR;
				CLANG_WARN_DOCUMENTATION_COMMENTS = YES;
				CLANG_WARN_EMPTY_BODY = YES;
				CLANG_WARN_ENUM_CONVERSION = YES;
				CLANG_WARN_INFINITE_RECURSION = YES;
				CLANG_WARN_INT_CONVERSION = YES;
				CLANG_WARN_NON_LITERAL_NULL_CONVERSION = YES;
				CLANG_WARN_OBJC_IMPLICIT_RETAIN_SELF = YES;
				CLANG_WARN_OBJC_LITERAL_CONVERSION = YES;
				CLANG_WARN_OBJC_ROOT_CLASS = YES_ERROR;
				CLANG_WARN_RANGE_LOOP_ANALYSIS = YES;
				CLANG_WARN_STRICT_PROTOTYPES = YES;
				CLANG_WARN_SUSPICIOUS_MOVE = YES;
				CLANG_WARN_UNGUARDED_AVAILABILITY = YES_AGGRESSIVE;
				CLANG_WARN_UNREACHABLE_CODE = YES;
				CLANG_WARN__DUPLICATE_METHOD_MATCH = YES;
				CODE_SIGN_IDENTITY = "iPhone Developer";
				COPY_PHASE_STRIP = NO;
				DEBUG_INFORMATION_FORMAT = dwarf;
				ENABLE_STRICT_OBJC_MSGSEND = YES;
				ENABLE_TESTABILITY = YES;
				GCC_C_LANGUAGE_STANDARD = gnu11;
				GCC_DYNAMIC_NO_PIC = NO;
				GCC_NO_COMMON_BLOCKS = YES;
				GCC_OPTIMIZATION_LEVEL = 0;
				GCC_PREPROCESSOR_DEFINITIONS = (
					"DEBUG=1",
					"$(inherited)",
				);
				GCC_WARN_64_TO_32_BIT_CONVERSION = YES;
				GCC_WARN_ABOUT_RETURN_TYPE = YES_ERROR;
				GCC_WARN_UNDECLARED_SELECTOR = YES;
				GCC_WARN_UNINITIALIZED_AUTOS = YES_AGGRESSIVE;
				GCC_WARN_UNUSED_FUNCTION = YES;
				GCC_WARN_UNUSED_VARIABLE = YES;
				IPHONEOS_DEPLOYMENT_TARGET = 12.1;
				MTL_ENABLE_DEBUG_INFO = INCLUDE_SOURCE;
				MTL_FAST_MATH = YES;
				ONLY_ACTIVE_ARCH = YES;
				SDKROOT = iphoneos;
				SWIFT_ACTIVE_COMPILATION_CONDITIONS = DEBUG;
				SWIFT_OPTIMIZATION_LEVEL = "-Onone";
			};
			name = Debug;
		};
		70E6F4A72198DE1D005C08EE /* Release */ = {
			isa = XCBuildConfiguration;
			buildSettings = {
				ALWAYS_SEARCH_USER_PATHS = NO;
				CLANG_ANALYZER_NONNULL = YES;
				CLANG_ANALYZER_NUMBER_OBJECT_CONVERSION = YES_AGGRESSIVE;
				CLANG_CXX_LANGUAGE_STANDARD = "gnu++14";
				CLANG_CXX_LIBRARY = "libc++";
				CLANG_ENABLE_MODULES = YES;
				CLANG_ENABLE_OBJC_ARC = YES;
				CLANG_ENABLE_OBJC_WEAK = YES;
				CLANG_WARN_BLOCK_CAPTURE_AUTORELEASING = YES;
				CLANG_WARN_BOOL_CONVERSION = YES;
				CLANG_WARN_COMMA = YES;
				CLANG_WARN_CONSTANT_CONVERSION = YES;
				CLANG_WARN_DEPRECATED_OBJC_IMPLEMENTATIONS = YES;
				CLANG_WARN_DIRECT_OBJC_ISA_USAGE = YES_ERROR;
				CLANG_WARN_DOCUMENTATION_COMMENTS = YES;
				CLANG_WARN_EMPTY_BODY = YES;
				CLANG_WARN_ENUM_CONVERSION = YES;
				CLANG_WARN_INFINITE_RECURSION = YES;
				CLANG_WARN_INT_CONVERSION = YES;
				CLANG_WARN_NON_LITERAL_NULL_CONVERSION = YES;
				CLANG_WARN_OBJC_IMPLICIT_RETAIN_SELF = YES;
				CLANG_WARN_OBJC_LITERAL_CONVERSION = YES;
				CLANG_WARN_OBJC_ROOT_CLASS = YES_ERROR;
				CLANG_WARN_RANGE_LOOP_ANALYSIS = YES;
				CLANG_WARN_STRICT_PROTOTYPES = YES;
				CLANG_WARN_SUSPICIOUS_MOVE = YES;
				CLANG_WARN_UNGUARDED_AVAILABILITY = YES_AGGRESSIVE;
				CLANG_WARN_UNREACHABLE_CODE = YES;
				CLANG_WARN__DUPLICATE_METHOD_MATCH = YES;
				CODE_SIGN_IDENTITY = "iPhone Developer";
				COPY_PHASE_STRIP = NO;
				DEBUG_INFORMATION_FORMAT = "dwarf-with-dsym";
				ENABLE_NS_ASSERTIONS = NO;
				ENABLE_STRICT_OBJC_MSGSEND = YES;
				GCC_C_LANGUAGE_STANDARD = gnu11;
				GCC_NO_COMMON_BLOCKS = YES;
				GCC_WARN_64_TO_32_BIT_CONVERSION = YES;
				GCC_WARN_ABOUT_RETURN_TYPE = YES_ERROR;
				GCC_WARN_UNDECLARED_SELECTOR = YES;
				GCC_WARN_UNINITIALIZED_AUTOS = YES_AGGRESSIVE;
				GCC_WARN_UNUSED_FUNCTION = YES;
				GCC_WARN_UNUSED_VARIABLE = YES;
				IPHONEOS_DEPLOYMENT_TARGET = 12.1;
				MTL_ENABLE_DEBUG_INFO = NO;
				MTL_FAST_MATH = YES;
				SDKROOT = iphoneos;
				SWIFT_COMPILATION_MODE = wholemodule;
				SWIFT_OPTIMIZATION_LEVEL = "-O";
				VALIDATE_PRODUCT = YES;
			};
			name = Release;
		};
		70E6F4A92198DE1D005C08EE /* Debug */ = {
			isa = XCBuildConfiguration;
			buildSettings = {
				ASSETCATALOG_COMPILER_APPICON_NAME = AppIcon;
				CODE_SIGN_STYLE = Automatic;
				DEVELOPMENT_TEAM = 7E8B8U32UT;
				INFOPLIST_FILE = "Paper Spoon/Info.plist";
				LD_RUNPATH_SEARCH_PATHS = (
					"$(inherited)",
					"@executable_path/Frameworks",
				);
				PRODUCT_BUNDLE_IDENTIFIER = "dlee923.Paper-Spoon";
				PRODUCT_NAME = "$(TARGET_NAME)";
				SWIFT_VERSION = 4.2;
				TARGETED_DEVICE_FAMILY = "1,2";
			};
			name = Debug;
		};
		70E6F4AA2198DE1D005C08EE /* Release */ = {
			isa = XCBuildConfiguration;
			buildSettings = {
				ASSETCATALOG_COMPILER_APPICON_NAME = AppIcon;
				CODE_SIGN_STYLE = Automatic;
				DEVELOPMENT_TEAM = 7E8B8U32UT;
				INFOPLIST_FILE = "Paper Spoon/Info.plist";
				LD_RUNPATH_SEARCH_PATHS = (
					"$(inherited)",
					"@executable_path/Frameworks",
				);
				PRODUCT_BUNDLE_IDENTIFIER = "dlee923.Paper-Spoon";
				PRODUCT_NAME = "$(TARGET_NAME)";
				SWIFT_VERSION = 4.2;
				TARGETED_DEVICE_FAMILY = "1,2";
			};
			name = Release;
		};
		70E6F4AC2198DE1D005C08EE /* Debug */ = {
			isa = XCBuildConfiguration;
			buildSettings = {
				ALWAYS_EMBED_SWIFT_STANDARD_LIBRARIES = YES;
				BUNDLE_LOADER = "$(TEST_HOST)";
				CODE_SIGN_STYLE = Automatic;
				DEVELOPMENT_TEAM = 7E8B8U32UT;
				INFOPLIST_FILE = "Paper SpoonTests/Info.plist";
				LD_RUNPATH_SEARCH_PATHS = (
					"$(inherited)",
					"@executable_path/Frameworks",
					"@loader_path/Frameworks",
				);
				PRODUCT_BUNDLE_IDENTIFIER = "dlee923.Paper-SpoonTests";
				PRODUCT_NAME = "$(TARGET_NAME)";
				SWIFT_VERSION = 4.2;
				TARGETED_DEVICE_FAMILY = "1,2";
				TEST_HOST = "$(BUILT_PRODUCTS_DIR)/Paper Spoon.app/Paper Spoon";
			};
			name = Debug;
		};
		70E6F4AD2198DE1D005C08EE /* Release */ = {
			isa = XCBuildConfiguration;
			buildSettings = {
				ALWAYS_EMBED_SWIFT_STANDARD_LIBRARIES = YES;
				BUNDLE_LOADER = "$(TEST_HOST)";
				CODE_SIGN_STYLE = Automatic;
				DEVELOPMENT_TEAM = 7E8B8U32UT;
				INFOPLIST_FILE = "Paper SpoonTests/Info.plist";
				LD_RUNPATH_SEARCH_PATHS = (
					"$(inherited)",
					"@executable_path/Frameworks",
					"@loader_path/Frameworks",
				);
				PRODUCT_BUNDLE_IDENTIFIER = "dlee923.Paper-SpoonTests";
				PRODUCT_NAME = "$(TARGET_NAME)";
				SWIFT_VERSION = 4.2;
				TARGETED_DEVICE_FAMILY = "1,2";
				TEST_HOST = "$(BUILT_PRODUCTS_DIR)/Paper Spoon.app/Paper Spoon";
			};
			name = Release;
		};
		70E6F4AF2198DE1D005C08EE /* Debug */ = {
			isa = XCBuildConfiguration;
			buildSettings = {
				ALWAYS_EMBED_SWIFT_STANDARD_LIBRARIES = YES;
				CODE_SIGN_STYLE = Automatic;
				DEVELOPMENT_TEAM = 7E8B8U32UT;
				INFOPLIST_FILE = "Paper SpoonUITests/Info.plist";
				LD_RUNPATH_SEARCH_PATHS = (
					"$(inherited)",
					"@executable_path/Frameworks",
					"@loader_path/Frameworks",
				);
				PRODUCT_BUNDLE_IDENTIFIER = "dlee923.Paper-SpoonUITests";
				PRODUCT_NAME = "$(TARGET_NAME)";
				SWIFT_VERSION = 4.2;
				TARGETED_DEVICE_FAMILY = "1,2";
				TEST_TARGET_NAME = "Paper Spoon";
			};
			name = Debug;
		};
		70E6F4B02198DE1D005C08EE /* Release */ = {
			isa = XCBuildConfiguration;
			buildSettings = {
				ALWAYS_EMBED_SWIFT_STANDARD_LIBRARIES = YES;
				CODE_SIGN_STYLE = Automatic;
				DEVELOPMENT_TEAM = 7E8B8U32UT;
				INFOPLIST_FILE = "Paper SpoonUITests/Info.plist";
				LD_RUNPATH_SEARCH_PATHS = (
					"$(inherited)",
					"@executable_path/Frameworks",
					"@loader_path/Frameworks",
				);
				PRODUCT_BUNDLE_IDENTIFIER = "dlee923.Paper-SpoonUITests";
				PRODUCT_NAME = "$(TARGET_NAME)";
				SWIFT_VERSION = 4.2;
				TARGETED_DEVICE_FAMILY = "1,2";
				TEST_TARGET_NAME = "Paper Spoon";
			};
			name = Release;
		};
/* End XCBuildConfiguration section */

/* Begin XCConfigurationList section */
		70E6F4782198DE1A005C08EE /* Build configuration list for PBXProject "Paper Spoon" */ = {
			isa = XCConfigurationList;
			buildConfigurations = (
				70E6F4A62198DE1D005C08EE /* Debug */,
				70E6F4A72198DE1D005C08EE /* Release */,
			);
			defaultConfigurationIsVisible = 0;
			defaultConfigurationName = Release;
		};
		70E6F4A82198DE1D005C08EE /* Build configuration list for PBXNativeTarget "Paper Spoon" */ = {
			isa = XCConfigurationList;
			buildConfigurations = (
				70E6F4A92198DE1D005C08EE /* Debug */,
				70E6F4AA2198DE1D005C08EE /* Release */,
			);
			defaultConfigurationIsVisible = 0;
			defaultConfigurationName = Release;
		};
		70E6F4AB2198DE1D005C08EE /* Build configuration list for PBXNativeTarget "Paper SpoonTests" */ = {
			isa = XCConfigurationList;
			buildConfigurations = (
				70E6F4AC2198DE1D005C08EE /* Debug */,
				70E6F4AD2198DE1D005C08EE /* Release */,
			);
			defaultConfigurationIsVisible = 0;
			defaultConfigurationName = Release;
		};
		70E6F4AE2198DE1D005C08EE /* Build configuration list for PBXNativeTarget "Paper SpoonUITests" */ = {
			isa = XCConfigurationList;
			buildConfigurations = (
				70E6F4AF2198DE1D005C08EE /* Debug */,
				70E6F4B02198DE1D005C08EE /* Release */,
			);
			defaultConfigurationIsVisible = 0;
			defaultConfigurationName = Release;
		};
/* End XCConfigurationList section */

/* Begin XCVersionGroup section */
		70E6F4872198DE1A005C08EE /* Paper_Spoon.xcdatamodeld */ = {
			isa = XCVersionGroup;
			children = (
				70E6F4882198DE1A005C08EE /* Paper_Spoon.xcdatamodel */,
			);
			currentVersion = 70E6F4882198DE1A005C08EE /* Paper_Spoon.xcdatamodel */;
			path = Paper_Spoon.xcdatamodeld;
			sourceTree = "<group>";
			versionGroupType = wrapper.xcdatamodel;
		};
/* End XCVersionGroup section */
	};
	rootObject = 70E6F4752198DE1A005C08EE /* Project object */;
}
